
Microsoft Visual Studio Solution File, Format Version 10.00
# Visual C++ Express 2008
Project("{8BC9CEB8-8B4A-11D0-8D11-00A0C91BC942}") = "VSTForx", "VSTForx\VSTForx.vcproj", "{B54D99D6-511D-46F5-93CE-39105094B8C8}"
EndProject
Project("{8BC9CEB8-8B4A-11D0-8D11-00A0C91BC942}") = "GuiStandalone", "GuiStandalone\GuiStandalone.vcproj", "{0C7F23C5-EC72-4D46-9E9D-86C60ABE7BBB}"
EndProject
Project("{8BC9CEB8-8B4A-11D0-8D11-00A0C91BC942}") = "TestApp", "..\TestApp\TestApp\TestApp.vcproj", "{11752BD2-704D-44D8-A88D-AAD097000897}"
EndProject
Project("{8BC9CEB8-8B4A-11D0-8D11-00A0C91BC942}") = "VSTForx_core", "VSTForx\VSTForx_core.vcproj", "{01B497C7-E74C-4DDA-9F08-2502B716DF62}"
EndProject
Project("{8BC9CEB8-8B4A-11D0-8D11-00A0C91BC942}") = "sambag", "..\..\..\..\clibs\sambag\src\sambag.vcproj", "{D8E6ECCC-452F-4806-A44B-46A9CBFDF17B}"
EndProject
Global
	GlobalSection(SolutionConfigurationPlatforms) = preSolution
		Debug|Win32 = Debug|Win32
		iRelease|Win32 = iRelease|Win32
		Library|Win32 = Library|Win32
		MinSizeRel|Win32 = MinSizeRel|Win32
		Release|Win32 = Release|Win32
		RelWithDebInfo|Win32 = RelWithDebInfo|Win32
	EndGlobalSection
	GlobalSection(ProjectConfigurationPlatforms) = postSolution
		{B54D99D6-511D-46F5-93CE-39105094B8C8}.Debug|Win32.ActiveCfg = Debug|Win32
		{B54D99D6-511D-46F5-93CE-39105094B8C8}.Debug|Win32.Build.0 = Debug|Win32
		{B54D99D6-511D-46F5-93CE-39105094B8C8}.iRelease|Win32.ActiveCfg = iRelease|Win32
		{B54D99D6-511D-46F5-93CE-39105094B8C8}.iRelease|Win32.Build.0 = iRelease|Win32
		{B54D99D6-511D-46F5-93CE-39105094B8C8}.Library|Win32.ActiveCfg = iRelease|Win32
		{B54D99D6-511D-46F5-93CE-39105094B8C8}.MinSizeRel|Win32.ActiveCfg = iRelease|Win32
		{B54D99D6-511D-46F5-93CE-39105094B8C8}.MinSizeRel|Win32.Build.0 = iRelease|Win32
		{B54D99D6-511D-46F5-93CE-39105094B8C8}.Release|Win32.ActiveCfg = Release|Win32
		{B54D99D6-511D-46F5-93CE-39105094B8C8}.Release|Win32.Build.0 = Release|Win32
		{B54D99D6-511D-46F5-93CE-39105094B8C8}.RelWithDebInfo|Win32.ActiveCfg = Release|Win32
		{B54D99D6-511D-46F5-93CE-39105094B8C8}.RelWithDebInfo|Win32.Build.0 = Release|Win32
		{0C7F23C5-EC72-4D46-9E9D-86C60ABE7BBB}.Debug|Win32.ActiveCfg = Debug|Win32
		{0C7F23C5-EC72-4D46-9E9D-86C60ABE7BBB}.Debug|Win32.Build.0 = Debug|Win32
		{0C7F23C5-EC72-4D46-9E9D-86C60ABE7BBB}.iRelease|Win32.ActiveCfg = Release|Win32
		{0C7F23C5-EC72-4D46-9E9D-86C60ABE7BBB}.iRelease|Win32.Build.0 = Release|Win32
		{0C7F23C5-EC72-4D46-9E9D-86C60ABE7BBB}.Library|Win32.ActiveCfg = Release|Win32
		{0C7F23C5-EC72-4D46-9E9D-86C60ABE7BBB}.Library|Win32.Build.0 = Release|Win32
		{0C7F23C5-EC72-4D46-9E9D-86C60ABE7BBB}.MinSizeRel|Win32.ActiveCfg = Release|Win32
		{0C7F23C5-EC72-4D46-9E9D-86C60ABE7BBB}.MinSizeRel|Win32.Build.0 = Release|Win32
		{0C7F23C5-EC72-4D46-9E9D-86C60ABE7BBB}.Release|Win32.ActiveCfg = Release|Win32
		{0C7F23C5-EC72-4D46-9E9D-86C60ABE7BBB}.Release|Win32.Build.0 = Release|Win32
		{0C7F23C5-EC72-4D46-9E9D-86C60ABE7BBB}.RelWithDebInfo|Win32.ActiveCfg = Release|Win32
		{0C7F23C5-EC72-4D46-9E9D-86C60ABE7BBB}.RelWithDebInfo|Win32.Build.0 = Release|Win32
		{11752BD2-704D-44D8-A88D-AAD097000897}.Debug|Win32.ActiveCfg = Debug|Win32
		{11752BD2-704D-44D8-A88D-AAD097000897}.Debug|Win32.Build.0 = Debug|Win32
		{11752BD2-704D-44D8-A88D-AAD097000897}.iRelease|Win32.ActiveCfg = Release|Win32
		{11752BD2-704D-44D8-A88D-AAD097000897}.iRelease|Win32.Build.0 = Release|Win32
		{11752BD2-704D-44D8-A88D-AAD097000897}.Library|Win32.ActiveCfg = Release|Win32
		{11752BD2-704D-44D8-A88D-AAD097000897}.Library|Win32.Build.0 = Release|Win32
		{11752BD2-704D-44D8-A88D-AAD097000897}.MinSizeRel|Win32.ActiveCfg = Release|Win32
		{11752BD2-704D-44D8-A88D-AAD097000897}.Release|Win32.ActiveCfg = Release|Win32
		{11752BD2-704D-44D8-A88D-AAD097000897}.Release|Win32.Build.0 = Release|Win32
		{11752BD2-704D-44D8-A88D-AAD097000897}.RelWithDebInfo|Win32.ActiveCfg = Release|Win32
		{01B497C7-E74C-4DDA-9F08-2502B716DF62}.Debug|Win32.ActiveCfg = Debug|Win32
		{01B497C7-E74C-4DDA-9F08-2502B716DF62}.Debug|Win32.Build.0 = Debug|Win32
		{01B497C7-E74C-4DDA-9F08-2502B716DF62}.iRelease|Win32.ActiveCfg = iRelease|Win32
		{01B497C7-E74C-4DDA-9F08-2502B716DF62}.iRelease|Win32.Build.0 = iRelease|Win32
		{01B497C7-E74C-4DDA-9F08-2502B716DF62}.Library|Win32.ActiveCfg = iRelease|Win32
		{01B497C7-E74C-4DDA-9F08-2502B716DF62}.Library|Win32.Build.0 = iRelease|Win32
		{01B497C7-E74C-4DDA-9F08-2502B716DF62}.MinSizeRel|Win32.ActiveCfg = iRelease|Win32
		{01B497C7-E74C-4DDA-9F08-2502B716DF62}.MinSizeRel|Win32.Build.0 = iRelease|Win32
		{01B497C7-E74C-4DDA-9F08-2502B716DF62}.Release|Win32.ActiveCfg = Release|Win32
		{01B497C7-E74C-4DDA-9F08-2502B716DF62}.Release|Win32.Build.0 = Release|Win32
		{01B497C7-E74C-4DDA-9F08-2502B716DF62}.RelWithDebInfo|Win32.ActiveCfg = Release|Win32
		{01B497C7-E74C-4DDA-9F08-2502B716DF62}.RelWithDebInfo|Win32.Build.0 = Release|Win32
		{D8E6ECCC-452F-4806-A44B-46A9CBFDF17B}.Debug|Win32.ActiveCfg = Debug|Win32
		{D8E6ECCC-452F-4806-A44B-46A9CBFDF17B}.Debug|Win32.Build.0 = Debug|Win32
		{D8E6ECCC-452F-4806-A44B-46A9CBFDF17B}.iRelease|Win32.ActiveCfg = Release|Win32
		{D8E6ECCC-452F-4806-A44B-46A9CBFDF17B}.iRelease|Win32.Build.0 = Release|Win32
		{D8E6ECCC-452F-4806-A44B-46A9CBFDF17B}.Library|Win32.ActiveCfg = RelWithDebInfo|Win32
		{D8E6ECCC-452F-4806-A44B-46A9CBFDF17B}.Library|Win32.Build.0 = RelWithDebInfo|Win32
		{D8E6ECCC-452F-4806-A44B-46A9CBFDF17B}.MinSizeRel|Win32.ActiveCfg = MinSizeRel|Win32
		{D8E6ECCC-452F-4806-A44B-46A9CBFDF17B}.MinSizeRel|Win32.Build.0 = MinSizeRel|Win32
		{D8E6ECCC-452F-4806-A44B-46A9CBFDF17B}.Release|Win32.ActiveCfg = Release|Win32
		{D8E6ECCC-452F-4806-A44B-46A9CBFDF17B}.Release|Win32.Build.0 = Release|Win32
		{D8E6ECCC-452F-4806-A44B-46A9CBFDF17B}.RelWithDebInfo|Win32.ActiveCfg = RelWithDebInfo|Win32
		{D8E6ECCC-452F-4806-A44B-46A9CBFDF17B}.RelWithDebInfo|Win32.Build.0 = RelWithDebInfo|Win32
	EndGlobalSection
	GlobalSection(SolutionProperties) = preSolution
		HideSolutionNode = FALSE
	EndGlobalSection
EndGlobal
