// !$*UTF8*$!
{
	archiveVersion = 1;
	classes = {
	};
	objectVersion = 45;
	objects = {

/* Begin PBXBuildFile section */
		8DD76F650486A84900D96B5E /* main.cpp in Sources */ = {isa = PBXBuildFile; fileRef = 08FB7796FE84155DC02AAC07 /* main.cpp */; settings = {ATTRIBUTES = (); }; };
		8DD76F6A0486A84900D96B5E /* forxTest.1 in CopyFiles */ = {isa = PBXBuildFile; fileRef = C6859E8B029090EE04C91782 /* forxTest.1 */; };
		A87C22211383D8E100B5DA63 /* DummyFX.cpp in Sources */ = {isa = PBXBuildFile; fileRef = A87C221C1383D8E100B5DA63 /* DummyFX.cpp */; };
		A87C22221383D8E100B5DA63 /* FrameTest.cpp in Sources */ = {isa = PBXBuildFile; fileRef = A87C221E1383D8E100B5DA63 /* FrameTest.cpp */; };
		A87C22471383F9D700B5DA63 /* Graph.cpp in Sources */ = {isa = PBXBuildFile; fileRef = A87C22451383F9D700B5DA63 /* Graph.cpp */; };
		A8866FFC139CC43900B5CBDD /* DataBase.cpp in Sources */ = {isa = PBXBuildFile; fileRef = A8866FFA139CC43900B5CBDD /* DataBase.cpp */; };
		A8866FFD139CC43900B5CBDD /* sambag_sqlite.c in Sources */ = {isa = PBXBuildFile; fileRef = A8866FFB139CC43900B5CBDD /* sambag_sqlite.c */; };
		A8867020139CCB4300B5CBDD /* FileSystem.cpp in Sources */ = {isa = PBXBuildFile; fileRef = A886701F139CCB4300B5CBDD /* FileSystem.cpp */; };
		A89B80DB136DA91200ECDA1F /* GraphTest.cpp in Sources */ = {isa = PBXBuildFile; fileRef = A89B80D2136DA91200ECDA1F /* GraphTest.cpp */; };
		A89B80DC136DA91200ECDA1F /* MyStringTest.cpp in Sources */ = {isa = PBXBuildFile; fileRef = A89B80D4136DA91200ECDA1F /* MyStringTest.cpp */; };
		A89B80DD136DA91200ECDA1F /* ParameterTest.cpp in Sources */ = {isa = PBXBuildFile; fileRef = A89B80D6136DA91200ECDA1F /* ParameterTest.cpp */; };
		A89B80DE136DA91200ECDA1F /* PluginCollectionTest.cpp in Sources */ = {isa = PBXBuildFile; fileRef = A89B80D8136DA91200ECDA1F /* PluginCollectionTest.cpp */; };
		A89B8112136DAB1A00ECDA1F /* AdditionalMessage.cpp in Sources */ = {isa = PBXBuildFile; fileRef = A89B80E4136DAB1A00ECDA1F /* AdditionalMessage.cpp */; };
		A89B8113136DAB1A00ECDA1F /* Asserter.cpp in Sources */ = {isa = PBXBuildFile; fileRef = A89B80E5136DAB1A00ECDA1F /* Asserter.cpp */; };
		A89B8114136DAB1A00ECDA1F /* BeOsDynamicLibraryManager.cpp in Sources */ = {isa = PBXBuildFile; fileRef = A89B80E6136DAB1A00ECDA1F /* BeOsDynamicLibraryManager.cpp */; };
		A89B8115136DAB1A00ECDA1F /* BriefTestProgressListener.cpp in Sources */ = {isa = PBXBuildFile; fileRef = A89B80E7136DAB1A00ECDA1F /* BriefTestProgressListener.cpp */; };
		A89B8116136DAB1A00ECDA1F /* CompilerOutputter.cpp in Sources */ = {isa = PBXBuildFile; fileRef = A89B80E8136DAB1A00ECDA1F /* CompilerOutputter.cpp */; };
		A89B8117136DAB1A00ECDA1F /* DefaultProtector.cpp in Sources */ = {isa = PBXBuildFile; fileRef = A89B80E9136DAB1A00ECDA1F /* DefaultProtector.cpp */; };
		A89B8118136DAB1A00ECDA1F /* DynamicLibraryManager.cpp in Sources */ = {isa = PBXBuildFile; fileRef = A89B80EA136DAB1A00ECDA1F /* DynamicLibraryManager.cpp */; };
		A89B8119136DAB1A00ECDA1F /* DynamicLibraryManagerException.cpp in Sources */ = {isa = PBXBuildFile; fileRef = A89B80EB136DAB1A00ECDA1F /* DynamicLibraryManagerException.cpp */; };
		A89B811A136DAB1A00ECDA1F /* Exception.cpp in Sources */ = {isa = PBXBuildFile; fileRef = A89B80EC136DAB1A00ECDA1F /* Exception.cpp */; };
		A89B811B136DAB1A00ECDA1F /* Message.cpp in Sources */ = {isa = PBXBuildFile; fileRef = A89B80ED136DAB1A00ECDA1F /* Message.cpp */; };
		A89B811C136DAB1A00ECDA1F /* PlugInManager.cpp in Sources */ = {isa = PBXBuildFile; fileRef = A89B80EE136DAB1A00ECDA1F /* PlugInManager.cpp */; };
		A89B811D136DAB1A00ECDA1F /* PlugInParameters.cpp in Sources */ = {isa = PBXBuildFile; fileRef = A89B80EF136DAB1A00ECDA1F /* PlugInParameters.cpp */; };
		A89B811E136DAB1A00ECDA1F /* Protector.cpp in Sources */ = {isa = PBXBuildFile; fileRef = A89B80F0136DAB1A00ECDA1F /* Protector.cpp */; };
		A89B811F136DAB1A00ECDA1F /* ProtectorChain.cpp in Sources */ = {isa = PBXBuildFile; fileRef = A89B80F1136DAB1A00ECDA1F /* ProtectorChain.cpp */; };
		A89B8120136DAB1A00ECDA1F /* SourceLine.cpp in Sources */ = {isa = PBXBuildFile; fileRef = A89B80F3136DAB1A00ECDA1F /* SourceLine.cpp */; };
		A89B8121136DAB1A00ECDA1F /* StringTools.cpp in Sources */ = {isa = PBXBuildFile; fileRef = A89B80F4136DAB1A00ECDA1F /* StringTools.cpp */; };
		A89B8122136DAB1A00ECDA1F /* SynchronizedObject.cpp in Sources */ = {isa = PBXBuildFile; fileRef = A89B80F5136DAB1A00ECDA1F /* SynchronizedObject.cpp */; };
		A89B8123136DAB1A00ECDA1F /* Test.cpp in Sources */ = {isa = PBXBuildFile; fileRef = A89B80F6136DAB1A00ECDA1F /* Test.cpp */; };
		A89B8124136DAB1A00ECDA1F /* TestAssert.cpp in Sources */ = {isa = PBXBuildFile; fileRef = A89B80F7136DAB1A00ECDA1F /* TestAssert.cpp */; };
		A89B8125136DAB1A00ECDA1F /* TestCaseDecorator.cpp in Sources */ = {isa = PBXBuildFile; fileRef = A89B80F8136DAB1A00ECDA1F /* TestCaseDecorator.cpp */; };
		A89B8126136DAB1A00ECDA1F /* TestComposite.cpp in Sources */ = {isa = PBXBuildFile; fileRef = A89B80F9136DAB1A00ECDA1F /* TestComposite.cpp */; };
		A89B8127136DAB1A00ECDA1F /* TestDecorator.cpp in Sources */ = {isa = PBXBuildFile; fileRef = A89B80FA136DAB1A00ECDA1F /* TestDecorator.cpp */; };
		A89B8128136DAB1A00ECDA1F /* TestFactoryRegistry.cpp in Sources */ = {isa = PBXBuildFile; fileRef = A89B80FB136DAB1A00ECDA1F /* TestFactoryRegistry.cpp */; };
		A89B8129136DAB1A00ECDA1F /* TestFailure.cpp in Sources */ = {isa = PBXBuildFile; fileRef = A89B80FC136DAB1A00ECDA1F /* TestFailure.cpp */; };
		A89B812A136DAB1A00ECDA1F /* TestLeaf.cpp in Sources */ = {isa = PBXBuildFile; fileRef = A89B80FD136DAB1A00ECDA1F /* TestLeaf.cpp */; };
		A89B812B136DAB1A00ECDA1F /* TestNamer.cpp in Sources */ = {isa = PBXBuildFile; fileRef = A89B80FE136DAB1A00ECDA1F /* TestNamer.cpp */; };
		A89B812C136DAB1A00ECDA1F /* TestPath.cpp in Sources */ = {isa = PBXBuildFile; fileRef = A89B80FF136DAB1A00ECDA1F /* TestPath.cpp */; };
		A89B812D136DAB1A00ECDA1F /* TestPlugInDefaultImpl.cpp in Sources */ = {isa = PBXBuildFile; fileRef = A89B8100136DAB1A00ECDA1F /* TestPlugInDefaultImpl.cpp */; };
		A89B812E136DAB1A00ECDA1F /* TestResult.cpp in Sources */ = {isa = PBXBuildFile; fileRef = A89B8101136DAB1A00ECDA1F /* TestResult.cpp */; };
		A89B812F136DAB1A00ECDA1F /* TestResultCollector.cpp in Sources */ = {isa = PBXBuildFile; fileRef = A89B8102136DAB1A00ECDA1F /* TestResultCollector.cpp */; };
		A89B8130136DAB1A00ECDA1F /* TestRunner.cpp in Sources */ = {isa = PBXBuildFile; fileRef = A89B8103136DAB1A00ECDA1F /* TestRunner.cpp */; };
		A89B8131136DAB1A00ECDA1F /* TestSetUp.cpp in Sources */ = {isa = PBXBuildFile; fileRef = A89B8104136DAB1A00ECDA1F /* TestSetUp.cpp */; };
		A89B8132136DAB1A00ECDA1F /* TestSuccessListener.cpp in Sources */ = {isa = PBXBuildFile; fileRef = A89B8105136DAB1A00ECDA1F /* TestSuccessListener.cpp */; };
		A89B8133136DAB1A00ECDA1F /* TestSuite.cpp in Sources */ = {isa = PBXBuildFile; fileRef = A89B8106136DAB1A00ECDA1F /* TestSuite.cpp */; };
		A89B8134136DAB1A00ECDA1F /* TestSuiteBuilderContext.cpp in Sources */ = {isa = PBXBuildFile; fileRef = A89B8107136DAB1A00ECDA1F /* TestSuiteBuilderContext.cpp */; };
		A89B8135136DAB1A00ECDA1F /* TextOutputter.cpp in Sources */ = {isa = PBXBuildFile; fileRef = A89B8108136DAB1A00ECDA1F /* TextOutputter.cpp */; };
		A89B8136136DAB1A00ECDA1F /* TextTestProgressListener.cpp in Sources */ = {isa = PBXBuildFile; fileRef = A89B8109136DAB1A00ECDA1F /* TextTestProgressListener.cpp */; };
		A89B8137136DAB1A00ECDA1F /* TextTestResult.cpp in Sources */ = {isa = PBXBuildFile; fileRef = A89B810A136DAB1A00ECDA1F /* TextTestResult.cpp */; };
		A89B8138136DAB1A00ECDA1F /* TextTestRunner.cpp in Sources */ = {isa = PBXBuildFile; fileRef = A89B810B136DAB1A00ECDA1F /* TextTestRunner.cpp */; };
		A89B8139136DAB1A00ECDA1F /* TypeInfoHelper.cpp in Sources */ = {isa = PBXBuildFile; fileRef = A89B810C136DAB1A00ECDA1F /* TypeInfoHelper.cpp */; };
		A89B813A136DAB1A00ECDA1F /* UnixDynamicLibraryManager.cpp in Sources */ = {isa = PBXBuildFile; fileRef = A89B810D136DAB1A00ECDA1F /* UnixDynamicLibraryManager.cpp */; };
		A89B813B136DAB1A00ECDA1F /* XmlDocument.cpp in Sources */ = {isa = PBXBuildFile; fileRef = A89B810E136DAB1A00ECDA1F /* XmlDocument.cpp */; };
		A89B813C136DAB1A00ECDA1F /* XmlElement.cpp in Sources */ = {isa = PBXBuildFile; fileRef = A89B810F136DAB1A00ECDA1F /* XmlElement.cpp */; };
		A89B813D136DAB1A00ECDA1F /* XmlOutputter.cpp in Sources */ = {isa = PBXBuildFile; fileRef = A89B8110136DAB1A00ECDA1F /* XmlOutputter.cpp */; };
		A89B813E136DAB1A00ECDA1F /* XmlOutputterHook.cpp in Sources */ = {isa = PBXBuildFile; fileRef = A89B8111136DAB1A00ECDA1F /* XmlOutputterHook.cpp */; };
		A89B8142136DAB4100ECDA1F /* audioeffect.cpp in Sources */ = {isa = PBXBuildFile; fileRef = A89B813F136DAB4100ECDA1F /* audioeffect.cpp */; };
		A89B8143136DAB4100ECDA1F /* audioeffectx.cpp in Sources */ = {isa = PBXBuildFile; fileRef = A89B8140136DAB4100ECDA1F /* audioeffectx.cpp */; };
		A89B8144136DAB4100ECDA1F /* vstplugmain.cpp in Sources */ = {isa = PBXBuildFile; fileRef = A89B8141136DAB4100ECDA1F /* vstplugmain.cpp */; };
		A89B814E136DAB8800ECDA1F /* Command.cpp in Sources */ = {isa = PBXBuildFile; fileRef = A89B8145136DAB8800ECDA1F /* Command.cpp */; };
		A89B814F136DAB8800ECDA1F /* Events.cpp in Sources */ = {isa = PBXBuildFile; fileRef = A89B8146136DAB8800ECDA1F /* Events.cpp */; };
		A89B8150136DAB8800ECDA1F /* Frame.cpp in Sources */ = {isa = PBXBuildFile; fileRef = A89B8147136DAB8800ECDA1F /* Frame.cpp */; };
		A89B8151136DAB8800ECDA1F /* Log.cpp in Sources */ = {isa = PBXBuildFile; fileRef = A89B8148136DAB8800ECDA1F /* Log.cpp */; };
		A89B8152136DAB8800ECDA1F /* MyString.cpp in Sources */ = {isa = PBXBuildFile; fileRef = A89B8149136DAB8800ECDA1F /* MyString.cpp */; };
		A89B8153136DAB8800ECDA1F /* one4All.cpp in Sources */ = {isa = PBXBuildFile; fileRef = A89B814A136DAB8800ECDA1F /* one4All.cpp */; };
		A89B8154136DAB8800ECDA1F /* PluginCollection.cpp in Sources */ = {isa = PBXBuildFile; fileRef = A89B814B136DAB8800ECDA1F /* PluginCollection.cpp */; };
		A89B8155136DAB8800ECDA1F /* PPIError.cpp in Sources */ = {isa = PBXBuildFile; fileRef = A89B814C136DAB8800ECDA1F /* PPIError.cpp */; };
		A89B8156136DAB8800ECDA1F /* Settings.cpp in Sources */ = {isa = PBXBuildFile; fileRef = A89B814D136DAB8800ECDA1F /* Settings.cpp */; };
		A89B8172136DAC0800ECDA1F /* ConcreteProcessAdapter.cpp in Sources */ = {isa = PBXBuildFile; fileRef = A89B815E136DAC0800ECDA1F /* ConcreteProcessAdapter.cpp */; };
		A89B8173136DAC0800ECDA1F /* dspTools.cpp in Sources */ = {isa = PBXBuildFile; fileRef = A89B8160136DAC0800ECDA1F /* dspTools.cpp */; };
		A89B8174136DAC0800ECDA1F /* ConnectionOperators.cpp in Sources */ = {isa = PBXBuildFile; fileRef = A89B8164136DAC0800ECDA1F /* ConnectionOperators.cpp */; };
		A89B8175136DAC0800ECDA1F /* parameter.cpp in Sources */ = {isa = PBXBuildFile; fileRef = A89B8166136DAC0800ECDA1F /* parameter.cpp */; };
		A89B8176136DAC0800ECDA1F /* PlugNode.cpp in Sources */ = {isa = PBXBuildFile; fileRef = A89B8168136DAC0800ECDA1F /* PlugNode.cpp */; };
		A89B8177136DAC0800ECDA1F /* NullAEffect.cpp in Sources */ = {isa = PBXBuildFile; fileRef = A89B816B136DAC0800ECDA1F /* NullAEffect.cpp */; };
		A89B8178136DAC0800ECDA1F /* VSTPlugNode2x.cpp in Sources */ = {isa = PBXBuildFile; fileRef = A89B816D136DAC0800ECDA1F /* VSTPlugNode2x.cpp */; };
		A89B8179136DAC0800ECDA1F /* processing.cpp in Sources */ = {isa = PBXBuildFile; fileRef = A89B8170136DAC0800ECDA1F /* processing.cpp */; };
		A89B8184136DAC2700ECDA1F /* mac_one4All.cpp in Sources */ = {isa = PBXBuildFile; fileRef = A89B817C136DAC2700ECDA1F /* mac_one4All.cpp */; };
		A89B8186136DAC2700ECDA1F /* OS_VSTPlugNode2x.cpp in Sources */ = {isa = PBXBuildFile; fileRef = A89B8182136DAC2700ECDA1F /* OS_VSTPlugNode2x.cpp */; };
		A89B81C8136DADD400ECDA1F /* archive_exception.cpp in Sources */ = {isa = PBXBuildFile; fileRef = A89B81A0136DADD400ECDA1F /* archive_exception.cpp */; };
		A89B81C9136DADD400ECDA1F /* basic_archive.cpp in Sources */ = {isa = PBXBuildFile; fileRef = A89B81A1136DADD400ECDA1F /* basic_archive.cpp */; };
		A89B81CA136DADD400ECDA1F /* basic_iarchive.cpp in Sources */ = {isa = PBXBuildFile; fileRef = A89B81A2136DADD400ECDA1F /* basic_iarchive.cpp */; };
		A89B81CB136DADD400ECDA1F /* basic_iserializer.cpp in Sources */ = {isa = PBXBuildFile; fileRef = A89B81A3136DADD400ECDA1F /* basic_iserializer.cpp */; };
		A89B81CC136DADD400ECDA1F /* basic_oarchive.cpp in Sources */ = {isa = PBXBuildFile; fileRef = A89B81A4136DADD400ECDA1F /* basic_oarchive.cpp */; };
		A89B81CD136DADD400ECDA1F /* basic_oserializer.cpp in Sources */ = {isa = PBXBuildFile; fileRef = A89B81A5136DADD400ECDA1F /* basic_oserializer.cpp */; };
		A89B81CE136DADD400ECDA1F /* basic_pointer_iserializer.cpp in Sources */ = {isa = PBXBuildFile; fileRef = A89B81A6136DADD400ECDA1F /* basic_pointer_iserializer.cpp */; };
		A89B81CF136DADD400ECDA1F /* basic_pointer_oserializer.cpp in Sources */ = {isa = PBXBuildFile; fileRef = A89B81A7136DADD400ECDA1F /* basic_pointer_oserializer.cpp */; };
		A89B81D0136DADD400ECDA1F /* basic_serializer_map.cpp in Sources */ = {isa = PBXBuildFile; fileRef = A89B81A8136DADD400ECDA1F /* basic_serializer_map.cpp */; };
		A89B81D1136DADD400ECDA1F /* basic_text_iprimitive.cpp in Sources */ = {isa = PBXBuildFile; fileRef = A89B81A9136DADD400ECDA1F /* basic_text_iprimitive.cpp */; };
		A89B81D2136DADD400ECDA1F /* basic_text_oprimitive.cpp in Sources */ = {isa = PBXBuildFile; fileRef = A89B81AA136DADD400ECDA1F /* basic_text_oprimitive.cpp */; };
		A89B81D3136DADD500ECDA1F /* basic_text_wiprimitive.cpp in Sources */ = {isa = PBXBuildFile; fileRef = A89B81AB136DADD400ECDA1F /* basic_text_wiprimitive.cpp */; };
		A89B81D4136DADD500ECDA1F /* basic_text_woprimitive.cpp in Sources */ = {isa = PBXBuildFile; fileRef = A89B81AC136DADD400ECDA1F /* basic_text_woprimitive.cpp */; };
		A89B81D5136DADD500ECDA1F /* basic_xml_archive.cpp in Sources */ = {isa = PBXBuildFile; fileRef = A89B81AD136DADD400ECDA1F /* basic_xml_archive.cpp */; };
		A89B81D6136DADD500ECDA1F /* binary_iarchive.cpp in Sources */ = {isa = PBXBuildFile; fileRef = A89B81AF136DADD400ECDA1F /* binary_iarchive.cpp */; };
		A89B81D7136DADD500ECDA1F /* binary_oarchive.cpp in Sources */ = {isa = PBXBuildFile; fileRef = A89B81B0136DADD400ECDA1F /* binary_oarchive.cpp */; };
		A89B81D8136DADD500ECDA1F /* binary_wiarchive.cpp in Sources */ = {isa = PBXBuildFile; fileRef = A89B81B1136DADD400ECDA1F /* binary_wiarchive.cpp */; };
		A89B81D9136DADD500ECDA1F /* binary_woarchive.cpp in Sources */ = {isa = PBXBuildFile; fileRef = A89B81B2136DADD400ECDA1F /* binary_woarchive.cpp */; };
		A89B81DA136DADD500ECDA1F /* codecvt_null.cpp in Sources */ = {isa = PBXBuildFile; fileRef = A89B81B3136DADD400ECDA1F /* codecvt_null.cpp */; };
		A89B81DB136DADD500ECDA1F /* extended_type_info.cpp in Sources */ = {isa = PBXBuildFile; fileRef = A89B81B4136DADD400ECDA1F /* extended_type_info.cpp */; };
		A89B81DC136DADD500ECDA1F /* extended_type_info_no_rtti.cpp in Sources */ = {isa = PBXBuildFile; fileRef = A89B81B5136DADD400ECDA1F /* extended_type_info_no_rtti.cpp */; };
		A89B81DD136DADD500ECDA1F /* extended_type_info_typeid.cpp in Sources */ = {isa = PBXBuildFile; fileRef = A89B81B6136DADD400ECDA1F /* extended_type_info_typeid.cpp */; };
		A89B81DE136DADD500ECDA1F /* polymorphic_iarchive.cpp in Sources */ = {isa = PBXBuildFile; fileRef = A89B81B7136DADD400ECDA1F /* polymorphic_iarchive.cpp */; };
		A89B81DF136DADD500ECDA1F /* polymorphic_oarchive.cpp in Sources */ = {isa = PBXBuildFile; fileRef = A89B81B8136DADD400ECDA1F /* polymorphic_oarchive.cpp */; };
		A89B81E0136DADD500ECDA1F /* shared_ptr_helper.cpp in Sources */ = {isa = PBXBuildFile; fileRef = A89B81B9136DADD400ECDA1F /* shared_ptr_helper.cpp */; };
		A89B81E1136DADD500ECDA1F /* stl_port.cpp in Sources */ = {isa = PBXBuildFile; fileRef = A89B81BA136DADD400ECDA1F /* stl_port.cpp */; };
		A89B81E2136DADD500ECDA1F /* text_iarchive.cpp in Sources */ = {isa = PBXBuildFile; fileRef = A89B81BB136DADD400ECDA1F /* text_iarchive.cpp */; };
		A89B81E3136DADD500ECDA1F /* text_oarchive.cpp in Sources */ = {isa = PBXBuildFile; fileRef = A89B81BC136DADD400ECDA1F /* text_oarchive.cpp */; };
		A89B81E4136DADD500ECDA1F /* text_wiarchive.cpp in Sources */ = {isa = PBXBuildFile; fileRef = A89B81BD136DADD400ECDA1F /* text_wiarchive.cpp */; };
		A89B81E5136DADD500ECDA1F /* text_woarchive.cpp in Sources */ = {isa = PBXBuildFile; fileRef = A89B81BE136DADD400ECDA1F /* text_woarchive.cpp */; };
		A89B81E6136DADD500ECDA1F /* utf8_codecvt_facet.cpp in Sources */ = {isa = PBXBuildFile; fileRef = A89B81BF136DADD400ECDA1F /* utf8_codecvt_facet.cpp */; };
		A89B81E7136DADD500ECDA1F /* void_cast.cpp in Sources */ = {isa = PBXBuildFile; fileRef = A89B81C0136DADD400ECDA1F /* void_cast.cpp */; };
		A89B81E8136DADD500ECDA1F /* xml_archive_exception.cpp in Sources */ = {isa = PBXBuildFile; fileRef = A89B81C1136DADD400ECDA1F /* xml_archive_exception.cpp */; };
		A89B81E9136DADD500ECDA1F /* xml_grammar.cpp in Sources */ = {isa = PBXBuildFile; fileRef = A89B81C2136DADD400ECDA1F /* xml_grammar.cpp */; };
		A89B81EA136DADD500ECDA1F /* xml_iarchive.cpp in Sources */ = {isa = PBXBuildFile; fileRef = A89B81C3136DADD400ECDA1F /* xml_iarchive.cpp */; };
		A89B81EB136DADD500ECDA1F /* xml_oarchive.cpp in Sources */ = {isa = PBXBuildFile; fileRef = A89B81C4136DADD400ECDA1F /* xml_oarchive.cpp */; };
		A89B81EC136DADD500ECDA1F /* xml_wgrammar.cpp in Sources */ = {isa = PBXBuildFile; fileRef = A89B81C5136DADD400ECDA1F /* xml_wgrammar.cpp */; };
		A89B81ED136DADD500ECDA1F /* xml_wiarchive.cpp in Sources */ = {isa = PBXBuildFile; fileRef = A89B81C6136DADD400ECDA1F /* xml_wiarchive.cpp */; };
		A89B81EE136DADD500ECDA1F /* xml_woarchive.cpp in Sources */ = {isa = PBXBuildFile; fileRef = A89B81C7136DADD400ECDA1F /* xml_woarchive.cpp */; };
		A89B81F5136DADFF00ECDA1F /* operations.cpp in Sources */ = {isa = PBXBuildFile; fileRef = A89B81F0136DADFF00ECDA1F /* operations.cpp */; };
		A89B81F6136DADFF00ECDA1F /* path.cpp in Sources */ = {isa = PBXBuildFile; fileRef = A89B81F1136DADFF00ECDA1F /* path.cpp */; };
		A89B81F7136DADFF00ECDA1F /* portability.cpp in Sources */ = {isa = PBXBuildFile; fileRef = A89B81F2136DADFF00ECDA1F /* portability.cpp */; };
		A89B81F8136DADFF00ECDA1F /* utf8_codecvt_facet.cpp in Sources */ = {isa = PBXBuildFile; fileRef = A89B81F3136DADFF00ECDA1F /* utf8_codecvt_facet.cpp */; };
		A89B8204136DAE6300ECDA1F /* error_code.cpp in Sources */ = {isa = PBXBuildFile; fileRef = A89B8203136DAE6300ECDA1F /* error_code.cpp */; };
		A89B8248136DB66A00ECDA1F /* Carbon.framework in Frameworks */ = {isa = PBXBuildFile; fileRef = A89B8247136DB66A00ECDA1F /* Carbon.framework */; };
		A89B824E136DB6DE00ECDA1F /* TestCase.cpp in Sources */ = {isa = PBXBuildFile; fileRef = A89B824D136DB6DE00ECDA1F /* TestCase.cpp */; };
		A89B8251136DB78500ECDA1F /* cfileselector.cpp in Sources */ = {isa = PBXBuildFile; fileRef = A89B8250136DB78500ECDA1F /* cfileselector.cpp */; };
/* End PBXBuildFile section */

/* Begin PBXCopyFilesBuildPhase section */
		8DD76F690486A84900D96B5E /* CopyFiles */ = {
			isa = PBXCopyFilesBuildPhase;
			buildActionMask = 8;
			dstPath = /usr/share/man/man1/;
			dstSubfolderSpec = 0;
			files = (
				8DD76F6A0486A84900D96B5E /* forxTest.1 in CopyFiles */,
			);
			runOnlyForDeploymentPostprocessing = 1;
		};
/* End PBXCopyFilesBuildPhase section */

/* Begin PBXFileReference section */
		08FB7796FE84155DC02AAC07 /* main.cpp */ = {isa = PBXFileReference; fileEncoding = 4; lastKnownFileType = sourcecode.cpp.cpp; path = main.cpp; sourceTree = "<group>"; };
		8DD76F6C0486A84900D96B5E /* forxTest */ = {isa = PBXFileReference; explicitFileType = "compiled.mach-o.executable"; includeInIndex = 0; path = forxTest; sourceTree = BUILT_PRODUCTS_DIR; };
		A87C221B1383D8E100B5DA63 /* DelayAdapter.h */ = {isa = PBXFileReference; fileEncoding = 4; lastKnownFileType = sourcecode.c.h; name = DelayAdapter.h; path = ../../src/tests/DelayAdapter.h; sourceTree = SOURCE_ROOT; };
		A87C221C1383D8E100B5DA63 /* DummyFX.cpp */ = {isa = PBXFileReference; fileEncoding = 4; lastKnownFileType = sourcecode.cpp.cpp; name = DummyFX.cpp; path = ../../src/tests/DummyFX.cpp; sourceTree = SOURCE_ROOT; };
		A87C221D1383D8E100B5DA63 /* DummyFX.h */ = {isa = PBXFileReference; fileEncoding = 4; lastKnownFileType = sourcecode.c.h; name = DummyFX.h; path = ../../src/tests/DummyFX.h; sourceTree = SOURCE_ROOT; };
		A87C221E1383D8E100B5DA63 /* FrameTest.cpp */ = {isa = PBXFileReference; fileEncoding = 4; lastKnownFileType = sourcecode.cpp.cpp; name = FrameTest.cpp; path = ../../src/tests/FrameTest.cpp; sourceTree = SOURCE_ROOT; };
		A87C221F1383D8E100B5DA63 /* FrameTest.hpp */ = {isa = PBXFileReference; fileEncoding = 4; lastKnownFileType = sourcecode.cpp.h; name = FrameTest.hpp; path = ../../src/tests/FrameTest.hpp; sourceTree = SOURCE_ROOT; };
		A87C22201383D8E100B5DA63 /* GraphBuilder.hpp */ = {isa = PBXFileReference; fileEncoding = 4; lastKnownFileType = sourcecode.cpp.h; name = GraphBuilder.hpp; path = ../../src/tests/GraphBuilder.hpp; sourceTree = SOURCE_ROOT; };
		A87C22441383F9D700B5DA63 /* BglGraph.h */ = {isa = PBXFileReference; fileEncoding = 4; lastKnownFileType = sourcecode.c.h; path = BglGraph.h; sourceTree = "<group>"; };
		A87C22451383F9D700B5DA63 /* Graph.cpp */ = {isa = PBXFileReference; fileEncoding = 4; lastKnownFileType = sourcecode.cpp.cpp; path = Graph.cpp; sourceTree = "<group>"; };
		A87C22461383F9D700B5DA63 /* IVstEventProcessor.h */ = {isa = PBXFileReference; fileEncoding = 4; lastKnownFileType = sourcecode.c.h; path = IVstEventProcessor.h; sourceTree = "<group>"; };
		A8866FFA139CC43900B5CBDD /* DataBase.cpp */ = {isa = PBXFileReference; fileEncoding = 4; lastKnownFileType = sourcecode.cpp.cpp; name = DataBase.cpp; path = ../../../../../sambag/src/sambag/cpsqlite/DataBase.cpp; sourceTree = SOURCE_ROOT; };
		A8866FFB139CC43900B5CBDD /* sambag_sqlite.c */ = {isa = PBXFileReference; fileEncoding = 4; lastKnownFileType = sourcecode.c.c; name = sambag_sqlite.c; path = ../../../../../sambag/src/sambag/cpsqlite/sambag_sqlite.c; sourceTree = SOURCE_ROOT; };
		A886701F139CCB4300B5CBDD /* FileSystem.cpp */ = {isa = PBXFileReference; fileEncoding = 4; lastKnownFileType = sourcecode.cpp.cpp; name = FileSystem.cpp; path = ../../../../../sambag/src/sambag/com/FileSystem.cpp; sourceTree = SOURCE_ROOT; };
		A89B80D2136DA91200ECDA1F /* GraphTest.cpp */ = {isa = PBXFileReference; fileEncoding = 4; lastKnownFileType = sourcecode.cpp.cpp; name = GraphTest.cpp; path = ../../src/tests/GraphTest.cpp; sourceTree = SOURCE_ROOT; };
		A89B80D3136DA91200ECDA1F /* GraphTest.hpp */ = {isa = PBXFileReference; fileEncoding = 4; lastKnownFileType = sourcecode.cpp.h; name = GraphTest.hpp; path = ../../src/tests/GraphTest.hpp; sourceTree = SOURCE_ROOT; };
		A89B80D4136DA91200ECDA1F /* MyStringTest.cpp */ = {isa = PBXFileReference; fileEncoding = 4; lastKnownFileType = sourcecode.cpp.cpp; name = MyStringTest.cpp; path = ../../src/tests/MyStringTest.cpp; sourceTree = SOURCE_ROOT; };
		A89B80D5136DA91200ECDA1F /* MyStringTest.hpp */ = {isa = PBXFileReference; fileEncoding = 4; lastKnownFileType = sourcecode.cpp.h; name = MyStringTest.hpp; path = ../../src/tests/MyStringTest.hpp; sourceTree = SOURCE_ROOT; };
		A89B80D6136DA91200ECDA1F /* ParameterTest.cpp */ = {isa = PBXFileReference; fileEncoding = 4; lastKnownFileType = sourcecode.cpp.cpp; name = ParameterTest.cpp; path = ../../src/tests/ParameterTest.cpp; sourceTree = SOURCE_ROOT; };
		A89B80D7136DA91200ECDA1F /* ParameterTest.hpp */ = {isa = PBXFileReference; fileEncoding = 4; lastKnownFileType = sourcecode.cpp.h; name = ParameterTest.hpp; path = ../../src/tests/ParameterTest.hpp; sourceTree = SOURCE_ROOT; };
		A89B80D8136DA91200ECDA1F /* PluginCollectionTest.cpp */ = {isa = PBXFileReference; fileEncoding = 4; lastKnownFileType = sourcecode.cpp.cpp; name = PluginCollectionTest.cpp; path = ../../src/tests/PluginCollectionTest.cpp; sourceTree = SOURCE_ROOT; };
		A89B80D9136DA91200ECDA1F /* PluginCollectionTest.hpp */ = {isa = PBXFileReference; fileEncoding = 4; lastKnownFileType = sourcecode.cpp.h; name = PluginCollectionTest.hpp; path = ../../src/tests/PluginCollectionTest.hpp; sourceTree = SOURCE_ROOT; };
		A89B80E4136DAB1A00ECDA1F /* AdditionalMessage.cpp */ = {isa = PBXFileReference; fileEncoding = 4; lastKnownFileType = sourcecode.cpp.cpp; name = AdditionalMessage.cpp; path = "../../../../../cppunit-1.12.1/src/cppunit/AdditionalMessage.cpp"; sourceTree = SOURCE_ROOT; };
		A89B80E5136DAB1A00ECDA1F /* Asserter.cpp */ = {isa = PBXFileReference; fileEncoding = 4; lastKnownFileType = sourcecode.cpp.cpp; name = Asserter.cpp; path = "../../../../../cppunit-1.12.1/src/cppunit/Asserter.cpp"; sourceTree = SOURCE_ROOT; };
		A89B80E6136DAB1A00ECDA1F /* BeOsDynamicLibraryManager.cpp */ = {isa = PBXFileReference; fileEncoding = 4; lastKnownFileType = sourcecode.cpp.cpp; name = BeOsDynamicLibraryManager.cpp; path = "../../../../../cppunit-1.12.1/src/cppunit/BeOsDynamicLibraryManager.cpp"; sourceTree = SOURCE_ROOT; };
		A89B80E7136DAB1A00ECDA1F /* BriefTestProgressListener.cpp */ = {isa = PBXFileReference; fileEncoding = 4; lastKnownFileType = sourcecode.cpp.cpp; name = BriefTestProgressListener.cpp; path = "../../../../../cppunit-1.12.1/src/cppunit/BriefTestProgressListener.cpp"; sourceTree = SOURCE_ROOT; };
		A89B80E8136DAB1A00ECDA1F /* CompilerOutputter.cpp */ = {isa = PBXFileReference; fileEncoding = 4; lastKnownFileType = sourcecode.cpp.cpp; name = CompilerOutputter.cpp; path = "../../../../../cppunit-1.12.1/src/cppunit/CompilerOutputter.cpp"; sourceTree = SOURCE_ROOT; };
		A89B80E9136DAB1A00ECDA1F /* DefaultProtector.cpp */ = {isa = PBXFileReference; fileEncoding = 4; lastKnownFileType = sourcecode.cpp.cpp; name = DefaultProtector.cpp; path = "../../../../../cppunit-1.12.1/src/cppunit/DefaultProtector.cpp"; sourceTree = SOURCE_ROOT; };
		A89B80EA136DAB1A00ECDA1F /* DynamicLibraryManager.cpp */ = {isa = PBXFileReference; fileEncoding = 4; lastKnownFileType = sourcecode.cpp.cpp; name = DynamicLibraryManager.cpp; path = "../../../../../cppunit-1.12.1/src/cppunit/DynamicLibraryManager.cpp"; sourceTree = SOURCE_ROOT; };
		A89B80EB136DAB1A00ECDA1F /* DynamicLibraryManagerException.cpp */ = {isa = PBXFileReference; fileEncoding = 4; lastKnownFileType = sourcecode.cpp.cpp; name = DynamicLibraryManagerException.cpp; path = "../../../../../cppunit-1.12.1/src/cppunit/DynamicLibraryManagerException.cpp"; sourceTree = SOURCE_ROOT; };
		A89B80EC136DAB1A00ECDA1F /* Exception.cpp */ = {isa = PBXFileReference; fileEncoding = 4; lastKnownFileType = sourcecode.cpp.cpp; name = Exception.cpp; path = "../../../../../cppunit-1.12.1/src/cppunit/Exception.cpp"; sourceTree = SOURCE_ROOT; };
		A89B80ED136DAB1A00ECDA1F /* Message.cpp */ = {isa = PBXFileReference; fileEncoding = 4; lastKnownFileType = sourcecode.cpp.cpp; name = Message.cpp; path = "../../../../../cppunit-1.12.1/src/cppunit/Message.cpp"; sourceTree = SOURCE_ROOT; };
		A89B80EE136DAB1A00ECDA1F /* PlugInManager.cpp */ = {isa = PBXFileReference; fileEncoding = 4; lastKnownFileType = sourcecode.cpp.cpp; name = PlugInManager.cpp; path = "../../../../../cppunit-1.12.1/src/cppunit/PlugInManager.cpp"; sourceTree = SOURCE_ROOT; };
		A89B80EF136DAB1A00ECDA1F /* PlugInParameters.cpp */ = {isa = PBXFileReference; fileEncoding = 4; lastKnownFileType = sourcecode.cpp.cpp; name = PlugInParameters.cpp; path = "../../../../../cppunit-1.12.1/src/cppunit/PlugInParameters.cpp"; sourceTree = SOURCE_ROOT; };
		A89B80F0136DAB1A00ECDA1F /* Protector.cpp */ = {isa = PBXFileReference; fileEncoding = 4; lastKnownFileType = sourcecode.cpp.cpp; name = Protector.cpp; path = "../../../../../cppunit-1.12.1/src/cppunit/Protector.cpp"; sourceTree = SOURCE_ROOT; };
		A89B80F1136DAB1A00ECDA1F /* ProtectorChain.cpp */ = {isa = PBXFileReference; fileEncoding = 4; lastKnownFileType = sourcecode.cpp.cpp; name = ProtectorChain.cpp; path = "../../../../../cppunit-1.12.1/src/cppunit/ProtectorChain.cpp"; sourceTree = SOURCE_ROOT; };
		A89B80F2136DAB1A00ECDA1F /* ProtectorContext.h */ = {isa = PBXFileReference; fileEncoding = 4; lastKnownFileType = sourcecode.c.h; name = ProtectorContext.h; path = "../../../../../cppunit-1.12.1/src/cppunit/ProtectorContext.h"; sourceTree = SOURCE_ROOT; };
		A89B80F3136DAB1A00ECDA1F /* SourceLine.cpp */ = {isa = PBXFileReference; fileEncoding = 4; lastKnownFileType = sourcecode.cpp.cpp; name = SourceLine.cpp; path = "../../../../../cppunit-1.12.1/src/cppunit/SourceLine.cpp"; sourceTree = SOURCE_ROOT; };
		A89B80F4136DAB1A00ECDA1F /* StringTools.cpp */ = {isa = PBXFileReference; fileEncoding = 4; lastKnownFileType = sourcecode.cpp.cpp; name = StringTools.cpp; path = "../../../../../cppunit-1.12.1/src/cppunit/StringTools.cpp"; sourceTree = SOURCE_ROOT; };
		A89B80F5136DAB1A00ECDA1F /* SynchronizedObject.cpp */ = {isa = PBXFileReference; fileEncoding = 4; lastKnownFileType = sourcecode.cpp.cpp; name = SynchronizedObject.cpp; path = "../../../../../cppunit-1.12.1/src/cppunit/SynchronizedObject.cpp"; sourceTree = SOURCE_ROOT; };
		A89B80F6136DAB1A00ECDA1F /* Test.cpp */ = {isa = PBXFileReference; fileEncoding = 4; lastKnownFileType = sourcecode.cpp.cpp; name = Test.cpp; path = "../../../../../cppunit-1.12.1/src/cppunit/Test.cpp"; sourceTree = SOURCE_ROOT; };
		A89B80F7136DAB1A00ECDA1F /* TestAssert.cpp */ = {isa = PBXFileReference; fileEncoding = 4; lastKnownFileType = sourcecode.cpp.cpp; name = TestAssert.cpp; path = "../../../../../cppunit-1.12.1/src/cppunit/TestAssert.cpp"; sourceTree = SOURCE_ROOT; };
		A89B80F8136DAB1A00ECDA1F /* TestCaseDecorator.cpp */ = {isa = PBXFileReference; fileEncoding = 4; lastKnownFileType = sourcecode.cpp.cpp; name = TestCaseDecorator.cpp; path = "../../../../../cppunit-1.12.1/src/cppunit/TestCaseDecorator.cpp"; sourceTree = SOURCE_ROOT; };
		A89B80F9136DAB1A00ECDA1F /* TestComposite.cpp */ = {isa = PBXFileReference; fileEncoding = 4; lastKnownFileType = sourcecode.cpp.cpp; name = TestComposite.cpp; path = "../../../../../cppunit-1.12.1/src/cppunit/TestComposite.cpp"; sourceTree = SOURCE_ROOT; };
		A89B80FA136DAB1A00ECDA1F /* TestDecorator.cpp */ = {isa = PBXFileReference; fileEncoding = 4; lastKnownFileType = sourcecode.cpp.cpp; name = TestDecorator.cpp; path = "../../../../../cppunit-1.12.1/src/cppunit/TestDecorator.cpp"; sourceTree = SOURCE_ROOT; };
		A89B80FB136DAB1A00ECDA1F /* TestFactoryRegistry.cpp */ = {isa = PBXFileReference; fileEncoding = 4; lastKnownFileType = sourcecode.cpp.cpp; name = TestFactoryRegistry.cpp; path = "../../../../../cppunit-1.12.1/src/cppunit/TestFactoryRegistry.cpp"; sourceTree = SOURCE_ROOT; };
		A89B80FC136DAB1A00ECDA1F /* TestFailure.cpp */ = {isa = PBXFileReference; fileEncoding = 4; lastKnownFileType = sourcecode.cpp.cpp; name = TestFailure.cpp; path = "../../../../../cppunit-1.12.1/src/cppunit/TestFailure.cpp"; sourceTree = SOURCE_ROOT; };
		A89B80FD136DAB1A00ECDA1F /* TestLeaf.cpp */ = {isa = PBXFileReference; fileEncoding = 4; lastKnownFileType = sourcecode.cpp.cpp; name = TestLeaf.cpp; path = "../../../../../cppunit-1.12.1/src/cppunit/TestLeaf.cpp"; sourceTree = SOURCE_ROOT; };
		A89B80FE136DAB1A00ECDA1F /* TestNamer.cpp */ = {isa = PBXFileReference; fileEncoding = 4; lastKnownFileType = sourcecode.cpp.cpp; name = TestNamer.cpp; path = "../../../../../cppunit-1.12.1/src/cppunit/TestNamer.cpp"; sourceTree = SOURCE_ROOT; };
		A89B80FF136DAB1A00ECDA1F /* TestPath.cpp */ = {isa = PBXFileReference; fileEncoding = 4; lastKnownFileType = sourcecode.cpp.cpp; name = TestPath.cpp; path = "../../../../../cppunit-1.12.1/src/cppunit/TestPath.cpp"; sourceTree = SOURCE_ROOT; };
		A89B8100136DAB1A00ECDA1F /* TestPlugInDefaultImpl.cpp */ = {isa = PBXFileReference; fileEncoding = 4; lastKnownFileType = sourcecode.cpp.cpp; name = TestPlugInDefaultImpl.cpp; path = "../../../../../cppunit-1.12.1/src/cppunit/TestPlugInDefaultImpl.cpp"; sourceTree = SOURCE_ROOT; };
		A89B8101136DAB1A00ECDA1F /* TestResult.cpp */ = {isa = PBXFileReference; fileEncoding = 4; lastKnownFileType = sourcecode.cpp.cpp; name = TestResult.cpp; path = "../../../../../cppunit-1.12.1/src/cppunit/TestResult.cpp"; sourceTree = SOURCE_ROOT; };
		A89B8102136DAB1A00ECDA1F /* TestResultCollector.cpp */ = {isa = PBXFileReference; fileEncoding = 4; lastKnownFileType = sourcecode.cpp.cpp; name = TestResultCollector.cpp; path = "../../../../../cppunit-1.12.1/src/cppunit/TestResultCollector.cpp"; sourceTree = SOURCE_ROOT; };
		A89B8103136DAB1A00ECDA1F /* TestRunner.cpp */ = {isa = PBXFileReference; fileEncoding = 4; lastKnownFileType = sourcecode.cpp.cpp; name = TestRunner.cpp; path = "../../../../../cppunit-1.12.1/src/cppunit/TestRunner.cpp"; sourceTree = SOURCE_ROOT; };
		A89B8104136DAB1A00ECDA1F /* TestSetUp.cpp */ = {isa = PBXFileReference; fileEncoding = 4; lastKnownFileType = sourcecode.cpp.cpp; name = TestSetUp.cpp; path = "../../../../../cppunit-1.12.1/src/cppunit/TestSetUp.cpp"; sourceTree = SOURCE_ROOT; };
		A89B8105136DAB1A00ECDA1F /* TestSuccessListener.cpp */ = {isa = PBXFileReference; fileEncoding = 4; lastKnownFileType = sourcecode.cpp.cpp; name = TestSuccessListener.cpp; path = "../../../../../cppunit-1.12.1/src/cppunit/TestSuccessListener.cpp"; sourceTree = SOURCE_ROOT; };
		A89B8106136DAB1A00ECDA1F /* TestSuite.cpp */ = {isa = PBXFileReference; fileEncoding = 4; lastKnownFileType = sourcecode.cpp.cpp; name = TestSuite.cpp; path = "../../../../../cppunit-1.12.1/src/cppunit/TestSuite.cpp"; sourceTree = SOURCE_ROOT; };
		A89B8107136DAB1A00ECDA1F /* TestSuiteBuilderContext.cpp */ = {isa = PBXFileReference; fileEncoding = 4; lastKnownFileType = sourcecode.cpp.cpp; name = TestSuiteBuilderContext.cpp; path = "../../../../../cppunit-1.12.1/src/cppunit/TestSuiteBuilderContext.cpp"; sourceTree = SOURCE_ROOT; };
		A89B8108136DAB1A00ECDA1F /* TextOutputter.cpp */ = {isa = PBXFileReference; fileEncoding = 4; lastKnownFileType = sourcecode.cpp.cpp; name = TextOutputter.cpp; path = "../../../../../cppunit-1.12.1/src/cppunit/TextOutputter.cpp"; sourceTree = SOURCE_ROOT; };
		A89B8109136DAB1A00ECDA1F /* TextTestProgressListener.cpp */ = {isa = PBXFileReference; fileEncoding = 4; lastKnownFileType = sourcecode.cpp.cpp; name = TextTestProgressListener.cpp; path = "../../../../../cppunit-1.12.1/src/cppunit/TextTestProgressListener.cpp"; sourceTree = SOURCE_ROOT; };
		A89B810A136DAB1A00ECDA1F /* TextTestResult.cpp */ = {isa = PBXFileReference; fileEncoding = 4; lastKnownFileType = sourcecode.cpp.cpp; name = TextTestResult.cpp; path = "../../../../../cppunit-1.12.1/src/cppunit/TextTestResult.cpp"; sourceTree = SOURCE_ROOT; };
		A89B810B136DAB1A00ECDA1F /* TextTestRunner.cpp */ = {isa = PBXFileReference; fileEncoding = 4; lastKnownFileType = sourcecode.cpp.cpp; name = TextTestRunner.cpp; path = "../../../../../cppunit-1.12.1/src/cppunit/TextTestRunner.cpp"; sourceTree = SOURCE_ROOT; };
		A89B810C136DAB1A00ECDA1F /* TypeInfoHelper.cpp */ = {isa = PBXFileReference; fileEncoding = 4; lastKnownFileType = sourcecode.cpp.cpp; name = TypeInfoHelper.cpp; path = "../../../../../cppunit-1.12.1/src/cppunit/TypeInfoHelper.cpp"; sourceTree = SOURCE_ROOT; };
		A89B810D136DAB1A00ECDA1F /* UnixDynamicLibraryManager.cpp */ = {isa = PBXFileReference; fileEncoding = 4; lastKnownFileType = sourcecode.cpp.cpp; name = UnixDynamicLibraryManager.cpp; path = "../../../../../cppunit-1.12.1/src/cppunit/UnixDynamicLibraryManager.cpp"; sourceTree = SOURCE_ROOT; };
		A89B810E136DAB1A00ECDA1F /* XmlDocument.cpp */ = {isa = PBXFileReference; fileEncoding = 4; lastKnownFileType = sourcecode.cpp.cpp; name = XmlDocument.cpp; path = "../../../../../cppunit-1.12.1/src/cppunit/XmlDocument.cpp"; sourceTree = SOURCE_ROOT; };
		A89B810F136DAB1A00ECDA1F /* XmlElement.cpp */ = {isa = PBXFileReference; fileEncoding = 4; lastKnownFileType = sourcecode.cpp.cpp; name = XmlElement.cpp; path = "../../../../../cppunit-1.12.1/src/cppunit/XmlElement.cpp"; sourceTree = SOURCE_ROOT; };
		A89B8110136DAB1A00ECDA1F /* XmlOutputter.cpp */ = {isa = PBXFileReference; fileEncoding = 4; lastKnownFileType = sourcecode.cpp.cpp; name = XmlOutputter.cpp; path = "../../../../../cppunit-1.12.1/src/cppunit/XmlOutputter.cpp"; sourceTree = SOURCE_ROOT; };
		A89B8111136DAB1A00ECDA1F /* XmlOutputterHook.cpp */ = {isa = PBXFileReference; fileEncoding = 4; lastKnownFileType = sourcecode.cpp.cpp; name = XmlOutputterHook.cpp; path = "../../../../../cppunit-1.12.1/src/cppunit/XmlOutputterHook.cpp"; sourceTree = SOURCE_ROOT; };
		A89B813F136DAB4100ECDA1F /* audioeffect.cpp */ = {isa = PBXFileReference; fileEncoding = 4; lastKnownFileType = sourcecode.cpp.cpp; name = audioeffect.cpp; path = ../../../../vstsdk2.4/public.sdk/source/vst2.x/audioeffect.cpp; sourceTree = SOURCE_ROOT; };
		A89B8140136DAB4100ECDA1F /* audioeffectx.cpp */ = {isa = PBXFileReference; fileEncoding = 4; lastKnownFileType = sourcecode.cpp.cpp; name = audioeffectx.cpp; path = ../../../../vstsdk2.4/public.sdk/source/vst2.x/audioeffectx.cpp; sourceTree = SOURCE_ROOT; };
		A89B8141136DAB4100ECDA1F /* vstplugmain.cpp */ = {isa = PBXFileReference; fileEncoding = 4; lastKnownFileType = sourcecode.cpp.cpp; name = vstplugmain.cpp; path = ../../../../vstsdk2.4/public.sdk/source/vst2.x/vstplugmain.cpp; sourceTree = SOURCE_ROOT; };
		A89B8145136DAB8800ECDA1F /* Command.cpp */ = {isa = PBXFileReference; fileEncoding = 4; lastKnownFileType = sourcecode.cpp.cpp; name = Command.cpp; path = ../../src/com/Command.cpp; sourceTree = SOURCE_ROOT; };
		A89B8146136DAB8800ECDA1F /* Events.cpp */ = {isa = PBXFileReference; fileEncoding = 4; lastKnownFileType = sourcecode.cpp.cpp; name = Events.cpp; path = ../../src/com/Events.cpp; sourceTree = SOURCE_ROOT; };
		A89B8147136DAB8800ECDA1F /* Frame.cpp */ = {isa = PBXFileReference; fileEncoding = 4; lastKnownFileType = sourcecode.cpp.cpp; name = Frame.cpp; path = ../../src/com/Frame.cpp; sourceTree = SOURCE_ROOT; };
		A89B8148136DAB8800ECDA1F /* Log.cpp */ = {isa = PBXFileReference; fileEncoding = 4; lastKnownFileType = sourcecode.cpp.cpp; name = Log.cpp; path = ../../src/com/Log.cpp; sourceTree = SOURCE_ROOT; };
		A89B8149136DAB8800ECDA1F /* MyString.cpp */ = {isa = PBXFileReference; fileEncoding = 4; lastKnownFileType = sourcecode.cpp.cpp; name = MyString.cpp; path = ../../src/com/MyString.cpp; sourceTree = SOURCE_ROOT; };
		A89B814A136DAB8800ECDA1F /* one4All.cpp */ = {isa = PBXFileReference; fileEncoding = 4; lastKnownFileType = sourcecode.cpp.cpp; name = one4All.cpp; path = ../../src/com/one4All.cpp; sourceTree = SOURCE_ROOT; };
		A89B814B136DAB8800ECDA1F /* PluginCollection.cpp */ = {isa = PBXFileReference; fileEncoding = 4; lastKnownFileType = sourcecode.cpp.cpp; name = PluginCollection.cpp; path = ../../src/com/PluginCollection.cpp; sourceTree = SOURCE_ROOT; };
		A89B814C136DAB8800ECDA1F /* PPIError.cpp */ = {isa = PBXFileReference; fileEncoding = 4; lastKnownFileType = sourcecode.cpp.cpp; name = PPIError.cpp; path = ../../src/com/PPIError.cpp; sourceTree = SOURCE_ROOT; };
		A89B814D136DAB8800ECDA1F /* Settings.cpp */ = {isa = PBXFileReference; fileEncoding = 4; lastKnownFileType = sourcecode.cpp.cpp; name = Settings.cpp; path = ../../src/com/Settings.cpp; sourceTree = SOURCE_ROOT; };
		A89B815E136DAC0800ECDA1F /* ConcreteProcessAdapter.cpp */ = {isa = PBXFileReference; fileEncoding = 4; lastKnownFileType = sourcecode.cpp.cpp; path = ConcreteProcessAdapter.cpp; sourceTree = "<group>"; };
		A89B815F136DAC0800ECDA1F /* ConcreteProcessAdapter.h */ = {isa = PBXFileReference; fileEncoding = 4; lastKnownFileType = sourcecode.c.h; path = ConcreteProcessAdapter.h; sourceTree = "<group>"; };
		A89B8160136DAC0800ECDA1F /* dspTools.cpp */ = {isa = PBXFileReference; fileEncoding = 4; lastKnownFileType = sourcecode.cpp.cpp; path = dspTools.cpp; sourceTree = "<group>"; };
		A89B8161136DAC0800ECDA1F /* dspTools.h */ = {isa = PBXFileReference; fileEncoding = 4; lastKnownFileType = sourcecode.c.h; path = dspTools.h; sourceTree = "<group>"; };
		A89B8162136DAC0800ECDA1F /* IHostInfo.h */ = {isa = PBXFileReference; fileEncoding = 4; lastKnownFileType = sourcecode.c.h; path = IHostInfo.h; sourceTree = "<group>"; };
		A89B8164136DAC0800ECDA1F /* ConnectionOperators.cpp */ = {isa = PBXFileReference; fileEncoding = 4; lastKnownFileType = sourcecode.cpp.cpp; path = ConnectionOperators.cpp; sourceTree = "<group>"; };
		A89B8165136DAC0800ECDA1F /* ConnectionOperators.h */ = {isa = PBXFileReference; fileEncoding = 4; lastKnownFileType = sourcecode.c.h; path = ConnectionOperators.h; sourceTree = "<group>"; };
		A89B8166136DAC0800ECDA1F /* parameter.cpp */ = {isa = PBXFileReference; fileEncoding = 4; lastKnownFileType = sourcecode.cpp.cpp; path = parameter.cpp; sourceTree = "<group>"; };
		A89B8167136DAC0800ECDA1F /* parameter.h */ = {isa = PBXFileReference; fileEncoding = 4; lastKnownFileType = sourcecode.c.h; path = parameter.h; sourceTree = "<group>"; };
		A89B8168136DAC0800ECDA1F /* PlugNode.cpp */ = {isa = PBXFileReference; fileEncoding = 4; lastKnownFileType = sourcecode.cpp.cpp; path = PlugNode.cpp; sourceTree = "<group>"; };
		A89B8169136DAC0800ECDA1F /* PlugNode.h */ = {isa = PBXFileReference; fileEncoding = 4; lastKnownFileType = sourcecode.c.h; path = PlugNode.h; sourceTree = "<group>"; };
		A89B816B136DAC0800ECDA1F /* NullAEffect.cpp */ = {isa = PBXFileReference; fileEncoding = 4; lastKnownFileType = sourcecode.cpp.cpp; path = NullAEffect.cpp; sourceTree = "<group>"; };
		A89B816C136DAC0800ECDA1F /* NullAEffect.h */ = {isa = PBXFileReference; fileEncoding = 4; lastKnownFileType = sourcecode.c.h; path = NullAEffect.h; sourceTree = "<group>"; };
		A89B816D136DAC0800ECDA1F /* VSTPlugNode2x.cpp */ = {isa = PBXFileReference; fileEncoding = 4; lastKnownFileType = sourcecode.cpp.cpp; path = VSTPlugNode2x.cpp; sourceTree = "<group>"; };
		A89B816E136DAC0800ECDA1F /* VSTPlugNode2x.h */ = {isa = PBXFileReference; fileEncoding = 4; lastKnownFileType = sourcecode.c.h; path = VSTPlugNode2x.h; sourceTree = "<group>"; };
		A89B816F136DAC0800ECDA1F /* PObject.h */ = {isa = PBXFileReference; fileEncoding = 4; lastKnownFileType = sourcecode.c.h; path = PObject.h; sourceTree = "<group>"; };
		A89B8170136DAC0800ECDA1F /* processing.cpp */ = {isa = PBXFileReference; fileEncoding = 4; lastKnownFileType = sourcecode.cpp.cpp; path = processing.cpp; sourceTree = "<group>"; };
		A89B8171136DAC0800ECDA1F /* processing.h */ = {isa = PBXFileReference; fileEncoding = 4; lastKnownFileType = sourcecode.c.h; path = processing.h; sourceTree = "<group>"; };
		A89B817C136DAC2700ECDA1F /* mac_one4All.cpp */ = {isa = PBXFileReference; fileEncoding = 4; lastKnownFileType = sourcecode.cpp.cpp; path = mac_one4All.cpp; sourceTree = "<group>"; };
		A89B817D136DAC2700ECDA1F /* mac_one4All.h */ = {isa = PBXFileReference; fileEncoding = 4; lastKnownFileType = sourcecode.c.h; path = mac_one4All.h; sourceTree = "<group>"; };
		A89B8182136DAC2700ECDA1F /* OS_VSTPlugNode2x.cpp */ = {isa = PBXFileReference; fileEncoding = 4; lastKnownFileType = sourcecode.cpp.cpp; path = OS_VSTPlugNode2x.cpp; sourceTree = "<group>"; };
		A89B8183136DAC2700ECDA1F /* OS_VSTPlugNode2x.h */ = {isa = PBXFileReference; fileEncoding = 4; lastKnownFileType = sourcecode.c.h; path = OS_VSTPlugNode2x.h; sourceTree = "<group>"; };
		A89B81A0136DADD400ECDA1F /* archive_exception.cpp */ = {isa = PBXFileReference; fileEncoding = 4; lastKnownFileType = sourcecode.cpp.cpp; path = archive_exception.cpp; sourceTree = "<group>"; };
		A89B81A1136DADD400ECDA1F /* basic_archive.cpp */ = {isa = PBXFileReference; fileEncoding = 4; lastKnownFileType = sourcecode.cpp.cpp; path = basic_archive.cpp; sourceTree = "<group>"; };
		A89B81A2136DADD400ECDA1F /* basic_iarchive.cpp */ = {isa = PBXFileReference; fileEncoding = 4; lastKnownFileType = sourcecode.cpp.cpp; path = basic_iarchive.cpp; sourceTree = "<group>"; };
		A89B81A3136DADD400ECDA1F /* basic_iserializer.cpp */ = {isa = PBXFileReference; fileEncoding = 4; lastKnownFileType = sourcecode.cpp.cpp; path = basic_iserializer.cpp; sourceTree = "<group>"; };
		A89B81A4136DADD400ECDA1F /* basic_oarchive.cpp */ = {isa = PBXFileReference; fileEncoding = 4; lastKnownFileType = sourcecode.cpp.cpp; path = basic_oarchive.cpp; sourceTree = "<group>"; };
		A89B81A5136DADD400ECDA1F /* basic_oserializer.cpp */ = {isa = PBXFileReference; fileEncoding = 4; lastKnownFileType = sourcecode.cpp.cpp; path = basic_oserializer.cpp; sourceTree = "<group>"; };
		A89B81A6136DADD400ECDA1F /* basic_pointer_iserializer.cpp */ = {isa = PBXFileReference; fileEncoding = 4; lastKnownFileType = sourcecode.cpp.cpp; path = basic_pointer_iserializer.cpp; sourceTree = "<group>"; };
		A89B81A7136DADD400ECDA1F /* basic_pointer_oserializer.cpp */ = {isa = PBXFileReference; fileEncoding = 4; lastKnownFileType = sourcecode.cpp.cpp; path = basic_pointer_oserializer.cpp; sourceTree = "<group>"; };
		A89B81A8136DADD400ECDA1F /* basic_serializer_map.cpp */ = {isa = PBXFileReference; fileEncoding = 4; lastKnownFileType = sourcecode.cpp.cpp; path = basic_serializer_map.cpp; sourceTree = "<group>"; };
		A89B81A9136DADD400ECDA1F /* basic_text_iprimitive.cpp */ = {isa = PBXFileReference; fileEncoding = 4; lastKnownFileType = sourcecode.cpp.cpp; path = basic_text_iprimitive.cpp; sourceTree = "<group>"; };
		A89B81AA136DADD400ECDA1F /* basic_text_oprimitive.cpp */ = {isa = PBXFileReference; fileEncoding = 4; lastKnownFileType = sourcecode.cpp.cpp; path = basic_text_oprimitive.cpp; sourceTree = "<group>"; };
		A89B81AB136DADD400ECDA1F /* basic_text_wiprimitive.cpp */ = {isa = PBXFileReference; fileEncoding = 4; lastKnownFileType = sourcecode.cpp.cpp; path = basic_text_wiprimitive.cpp; sourceTree = "<group>"; };
		A89B81AC136DADD400ECDA1F /* basic_text_woprimitive.cpp */ = {isa = PBXFileReference; fileEncoding = 4; lastKnownFileType = sourcecode.cpp.cpp; path = basic_text_woprimitive.cpp; sourceTree = "<group>"; };
		A89B81AD136DADD400ECDA1F /* basic_xml_archive.cpp */ = {isa = PBXFileReference; fileEncoding = 4; lastKnownFileType = sourcecode.cpp.cpp; path = basic_xml_archive.cpp; sourceTree = "<group>"; };
		A89B81AE136DADD400ECDA1F /* basic_xml_grammar.ipp */ = {isa = PBXFileReference; fileEncoding = 4; lastKnownFileType = text; path = basic_xml_grammar.ipp; sourceTree = "<group>"; };
		A89B81AF136DADD400ECDA1F /* binary_iarchive.cpp */ = {isa = PBXFileReference; fileEncoding = 4; lastKnownFileType = sourcecode.cpp.cpp; path = binary_iarchive.cpp; sourceTree = "<group>"; };
		A89B81B0136DADD400ECDA1F /* binary_oarchive.cpp */ = {isa = PBXFileReference; fileEncoding = 4; lastKnownFileType = sourcecode.cpp.cpp; path = binary_oarchive.cpp; sourceTree = "<group>"; };
		A89B81B1136DADD400ECDA1F /* binary_wiarchive.cpp */ = {isa = PBXFileReference; fileEncoding = 4; lastKnownFileType = sourcecode.cpp.cpp; path = binary_wiarchive.cpp; sourceTree = "<group>"; };
		A89B81B2136DADD400ECDA1F /* binary_woarchive.cpp */ = {isa = PBXFileReference; fileEncoding = 4; lastKnownFileType = sourcecode.cpp.cpp; path = binary_woarchive.cpp; sourceTree = "<group>"; };
		A89B81B3136DADD400ECDA1F /* codecvt_null.cpp */ = {isa = PBXFileReference; fileEncoding = 4; lastKnownFileType = sourcecode.cpp.cpp; path = codecvt_null.cpp; sourceTree = "<group>"; };
		A89B81B4136DADD400ECDA1F /* extended_type_info.cpp */ = {isa = PBXFileReference; fileEncoding = 4; lastKnownFileType = sourcecode.cpp.cpp; path = extended_type_info.cpp; sourceTree = "<group>"; };
		A89B81B5136DADD400ECDA1F /* extended_type_info_no_rtti.cpp */ = {isa = PBXFileReference; fileEncoding = 4; lastKnownFileType = sourcecode.cpp.cpp; path = extended_type_info_no_rtti.cpp; sourceTree = "<group>"; };
		A89B81B6136DADD400ECDA1F /* extended_type_info_typeid.cpp */ = {isa = PBXFileReference; fileEncoding = 4; lastKnownFileType = sourcecode.cpp.cpp; path = extended_type_info_typeid.cpp; sourceTree = "<group>"; };
		A89B81B7136DADD400ECDA1F /* polymorphic_iarchive.cpp */ = {isa = PBXFileReference; fileEncoding = 4; lastKnownFileType = sourcecode.cpp.cpp; path = polymorphic_iarchive.cpp; sourceTree = "<group>"; };
		A89B81B8136DADD400ECDA1F /* polymorphic_oarchive.cpp */ = {isa = PBXFileReference; fileEncoding = 4; lastKnownFileType = sourcecode.cpp.cpp; path = polymorphic_oarchive.cpp; sourceTree = "<group>"; };
		A89B81B9136DADD400ECDA1F /* shared_ptr_helper.cpp */ = {isa = PBXFileReference; fileEncoding = 4; lastKnownFileType = sourcecode.cpp.cpp; path = shared_ptr_helper.cpp; sourceTree = "<group>"; };
		A89B81BA136DADD400ECDA1F /* stl_port.cpp */ = {isa = PBXFileReference; fileEncoding = 4; lastKnownFileType = sourcecode.cpp.cpp; path = stl_port.cpp; sourceTree = "<group>"; };
		A89B81BB136DADD400ECDA1F /* text_iarchive.cpp */ = {isa = PBXFileReference; fileEncoding = 4; lastKnownFileType = sourcecode.cpp.cpp; path = text_iarchive.cpp; sourceTree = "<group>"; };
		A89B81BC136DADD400ECDA1F /* text_oarchive.cpp */ = {isa = PBXFileReference; fileEncoding = 4; lastKnownFileType = sourcecode.cpp.cpp; path = text_oarchive.cpp; sourceTree = "<group>"; };
		A89B81BD136DADD400ECDA1F /* text_wiarchive.cpp */ = {isa = PBXFileReference; fileEncoding = 4; lastKnownFileType = sourcecode.cpp.cpp; path = text_wiarchive.cpp; sourceTree = "<group>"; };
		A89B81BE136DADD400ECDA1F /* text_woarchive.cpp */ = {isa = PBXFileReference; fileEncoding = 4; lastKnownFileType = sourcecode.cpp.cpp; path = text_woarchive.cpp; sourceTree = "<group>"; };
		A89B81BF136DADD400ECDA1F /* utf8_codecvt_facet.cpp */ = {isa = PBXFileReference; fileEncoding = 4; lastKnownFileType = sourcecode.cpp.cpp; path = utf8_codecvt_facet.cpp; sourceTree = "<group>"; };
		A89B81C0136DADD400ECDA1F /* void_cast.cpp */ = {isa = PBXFileReference; fileEncoding = 4; lastKnownFileType = sourcecode.cpp.cpp; path = void_cast.cpp; sourceTree = "<group>"; };
		A89B81C1136DADD400ECDA1F /* xml_archive_exception.cpp */ = {isa = PBXFileReference; fileEncoding = 4; lastKnownFileType = sourcecode.cpp.cpp; path = xml_archive_exception.cpp; sourceTree = "<group>"; };
		A89B81C2136DADD400ECDA1F /* xml_grammar.cpp */ = {isa = PBXFileReference; fileEncoding = 4; lastKnownFileType = sourcecode.cpp.cpp; path = xml_grammar.cpp; sourceTree = "<group>"; };
		A89B81C3136DADD400ECDA1F /* xml_iarchive.cpp */ = {isa = PBXFileReference; fileEncoding = 4; lastKnownFileType = sourcecode.cpp.cpp; path = xml_iarchive.cpp; sourceTree = "<group>"; };
		A89B81C4136DADD400ECDA1F /* xml_oarchive.cpp */ = {isa = PBXFileReference; fileEncoding = 4; lastKnownFileType = sourcecode.cpp.cpp; path = xml_oarchive.cpp; sourceTree = "<group>"; };
		A89B81C5136DADD400ECDA1F /* xml_wgrammar.cpp */ = {isa = PBXFileReference; fileEncoding = 4; lastKnownFileType = sourcecode.cpp.cpp; path = xml_wgrammar.cpp; sourceTree = "<group>"; };
		A89B81C6136DADD400ECDA1F /* xml_wiarchive.cpp */ = {isa = PBXFileReference; fileEncoding = 4; lastKnownFileType = sourcecode.cpp.cpp; path = xml_wiarchive.cpp; sourceTree = "<group>"; };
		A89B81C7136DADD400ECDA1F /* xml_woarchive.cpp */ = {isa = PBXFileReference; fileEncoding = 4; lastKnownFileType = sourcecode.cpp.cpp; path = xml_woarchive.cpp; sourceTree = "<group>"; };
		A89B81F0136DADFF00ECDA1F /* operations.cpp */ = {isa = PBXFileReference; fileEncoding = 4; lastKnownFileType = sourcecode.cpp.cpp; path = operations.cpp; sourceTree = "<group>"; };
		A89B81F1136DADFF00ECDA1F /* path.cpp */ = {isa = PBXFileReference; fileEncoding = 4; lastKnownFileType = sourcecode.cpp.cpp; path = path.cpp; sourceTree = "<group>"; };
		A89B81F2136DADFF00ECDA1F /* portability.cpp */ = {isa = PBXFileReference; fileEncoding = 4; lastKnownFileType = sourcecode.cpp.cpp; path = portability.cpp; sourceTree = "<group>"; };
		A89B81F3136DADFF00ECDA1F /* utf8_codecvt_facet.cpp */ = {isa = PBXFileReference; fileEncoding = 4; lastKnownFileType = sourcecode.cpp.cpp; path = utf8_codecvt_facet.cpp; sourceTree = "<group>"; };
		A89B81F4136DADFF00ECDA1F /* utf8_codecvt_facet.hpp */ = {isa = PBXFileReference; fileEncoding = 4; lastKnownFileType = sourcecode.cpp.h; path = utf8_codecvt_facet.hpp; sourceTree = "<group>"; };
		A89B8203136DAE6300ECDA1F /* error_code.cpp */ = {isa = PBXFileReference; fileEncoding = 4; lastKnownFileType = sourcecode.cpp.cpp; path = error_code.cpp; sourceTree = "<group>"; };
		A89B8247136DB66A00ECDA1F /* Carbon.framework */ = {isa = PBXFileReference; lastKnownFileType = wrapper.framework; name = Carbon.framework; path = /System/Library/Frameworks/Carbon.framework; sourceTree = "<absolute>"; };
		A89B824D136DB6DE00ECDA1F /* TestCase.cpp */ = {isa = PBXFileReference; fileEncoding = 4; lastKnownFileType = sourcecode.cpp.cpp; name = TestCase.cpp; path = "../../../../../cppunit-1.12.1/src/cppunit/TestCase.cpp"; sourceTree = SOURCE_ROOT; };
		A89B8250136DB78500ECDA1F /* cfileselector.cpp */ = {isa = PBXFileReference; fileEncoding = 4; lastKnownFileType = sourcecode.cpp.cpp; name = cfileselector.cpp; path = ../../../../vstsdk2.4/vstgui.sf/vstgui/cfileselector.cpp; sourceTree = SOURCE_ROOT; };
		C6859E8B029090EE04C91782 /* forxTest.1 */ = {isa = PBXFileReference; lastKnownFileType = text.man; path = forxTest.1; sourceTree = "<group>"; };
/* End PBXFileReference section */

/* Begin PBXFrameworksBuildPhase section */
		8DD76F660486A84900D96B5E /* Frameworks */ = {
			isa = PBXFrameworksBuildPhase;
			buildActionMask = 2147483647;
			files = (
				A89B8248136DB66A00ECDA1F /* Carbon.framework in Frameworks */,
			);
			runOnlyForDeploymentPostprocessing = 0;
		};
/* End PBXFrameworksBuildPhase section */

/* Begin PBXGroup section */
		08FB7794FE84155DC02AAC07 /* forxTest */ = {
			isa = PBXGroup;
			children = (
				A89B8247136DB66A00ECDA1F /* Carbon.framework */,
				08FB7795FE84155DC02AAC07 /* Source */,
				C6859E8C029090F304C91782 /* Documentation */,
				1AB674ADFE9D54B511CA2CBB /* Products */,
			);
			name = forxTest;
			sourceTree = "<group>";
		};
		08FB7795FE84155DC02AAC07 /* Source */ = {
			isa = PBXGroup;
			children = (
				A8866FF9139CC40900B5CBDD /* sambag */,
				A89B8196136DAD1A00ECDA1F /* boost_1_42_0 */,
				A89B80E3136DA9AD00ECDA1F /* cppunit */,
				A89B80E0136DA94500ECDA1F /* VSTSDK */,
				A89B80DF136DA92700ECDA1F /* VSTForx */,
				A89B80CF136DA8E700ECDA1F /* forx_tests */,
				08FB7796FE84155DC02AAC07 /* main.cpp */,
			);
			name = Source;
			sourceTree = "<group>";
		};
		1AB674ADFE9D54B511CA2CBB /* Products */ = {
			isa = PBXGroup;
			children = (
				8DD76F6C0486A84900D96B5E /* forxTest */,
			);
			name = Products;
			sourceTree = "<group>";
		};
		A8866FF9139CC40900B5CBDD /* sambag */ = {
			isa = PBXGroup;
			children = (
				A886701F139CCB4300B5CBDD /* FileSystem.cpp */,
				A8866FFA139CC43900B5CBDD /* DataBase.cpp */,
				A8866FFB139CC43900B5CBDD /* sambag_sqlite.c */,
			);
			name = sambag;
			sourceTree = "<group>";
		};
		A89B80CF136DA8E700ECDA1F /* forx_tests */ = {
			isa = PBXGroup;
			children = (
				A89B80D2136DA91200ECDA1F /* GraphTest.cpp */,
				A87C221B1383D8E100B5DA63 /* DelayAdapter.h */,
				A87C221C1383D8E100B5DA63 /* DummyFX.cpp */,
				A87C221D1383D8E100B5DA63 /* DummyFX.h */,
				A87C221E1383D8E100B5DA63 /* FrameTest.cpp */,
				A87C221F1383D8E100B5DA63 /* FrameTest.hpp */,
				A87C22201383D8E100B5DA63 /* GraphBuilder.hpp */,
				A89B80D3136DA91200ECDA1F /* GraphTest.hpp */,
				A89B80D4136DA91200ECDA1F /* MyStringTest.cpp */,
				A89B80D5136DA91200ECDA1F /* MyStringTest.hpp */,
				A89B80D6136DA91200ECDA1F /* ParameterTest.cpp */,
				A89B80D7136DA91200ECDA1F /* ParameterTest.hpp */,
				A89B80D8136DA91200ECDA1F /* PluginCollectionTest.cpp */,
				A89B80D9136DA91200ECDA1F /* PluginCollectionTest.hpp */,
			);
			name = forx_tests;
			sourceTree = "<group>";
		};
		A89B80DF136DA92700ECDA1F /* VSTForx */ = {
			isa = PBXGroup;
			children = (
				A89B817A136DAC2700ECDA1F /* mac */,
				A89B815D136DAC0800ECDA1F /* processing */,
				A89B8157136DAB8D00ECDA1F /* com */,
			);
			name = VSTForx;
			sourceTree = "<group>";
		};
		A89B80E0136DA94500ECDA1F /* VSTSDK */ = {
			isa = PBXGroup;
			children = (
				A89B8250136DB78500ECDA1F /* cfileselector.cpp */,
				A89B813F136DAB4100ECDA1F /* audioeffect.cpp */,
				A89B8140136DAB4100ECDA1F /* audioeffectx.cpp */,
				A89B8141136DAB4100ECDA1F /* vstplugmain.cpp */,
			);
			name = VSTSDK;
			sourceTree = "<group>";
		};
		A89B80E3136DA9AD00ECDA1F /* cppunit */ = {
			isa = PBXGroup;
			children = (
				A89B824D136DB6DE00ECDA1F /* TestCase.cpp */,
				A89B80E4136DAB1A00ECDA1F /* AdditionalMessage.cpp */,
				A89B80E5136DAB1A00ECDA1F /* Asserter.cpp */,
				A89B80E6136DAB1A00ECDA1F /* BeOsDynamicLibraryManager.cpp */,
				A89B80E7136DAB1A00ECDA1F /* BriefTestProgressListener.cpp */,
				A89B80E8136DAB1A00ECDA1F /* CompilerOutputter.cpp */,
				A89B80E9136DAB1A00ECDA1F /* DefaultProtector.cpp */,
				A89B80EA136DAB1A00ECDA1F /* DynamicLibraryManager.cpp */,
				A89B80EB136DAB1A00ECDA1F /* DynamicLibraryManagerException.cpp */,
				A89B80EC136DAB1A00ECDA1F /* Exception.cpp */,
				A89B80ED136DAB1A00ECDA1F /* Message.cpp */,
				A89B80EE136DAB1A00ECDA1F /* PlugInManager.cpp */,
				A89B80EF136DAB1A00ECDA1F /* PlugInParameters.cpp */,
				A89B80F0136DAB1A00ECDA1F /* Protector.cpp */,
				A89B80F1136DAB1A00ECDA1F /* ProtectorChain.cpp */,
				A89B80F2136DAB1A00ECDA1F /* ProtectorContext.h */,
				A89B80F3136DAB1A00ECDA1F /* SourceLine.cpp */,
				A89B80F4136DAB1A00ECDA1F /* StringTools.cpp */,
				A89B80F5136DAB1A00ECDA1F /* SynchronizedObject.cpp */,
				A89B80F6136DAB1A00ECDA1F /* Test.cpp */,
				A89B80F7136DAB1A00ECDA1F /* TestAssert.cpp */,
				A89B80F8136DAB1A00ECDA1F /* TestCaseDecorator.cpp */,
				A89B80F9136DAB1A00ECDA1F /* TestComposite.cpp */,
				A89B80FA136DAB1A00ECDA1F /* TestDecorator.cpp */,
				A89B80FB136DAB1A00ECDA1F /* TestFactoryRegistry.cpp */,
				A89B80FC136DAB1A00ECDA1F /* TestFailure.cpp */,
				A89B80FD136DAB1A00ECDA1F /* TestLeaf.cpp */,
				A89B80FE136DAB1A00ECDA1F /* TestNamer.cpp */,
				A89B80FF136DAB1A00ECDA1F /* TestPath.cpp */,
				A89B8100136DAB1A00ECDA1F /* TestPlugInDefaultImpl.cpp */,
				A89B8101136DAB1A00ECDA1F /* TestResult.cpp */,
				A89B8102136DAB1A00ECDA1F /* TestResultCollector.cpp */,
				A89B8103136DAB1A00ECDA1F /* TestRunner.cpp */,
				A89B8104136DAB1A00ECDA1F /* TestSetUp.cpp */,
				A89B8105136DAB1A00ECDA1F /* TestSuccessListener.cpp */,
				A89B8106136DAB1A00ECDA1F /* TestSuite.cpp */,
				A89B8107136DAB1A00ECDA1F /* TestSuiteBuilderContext.cpp */,
				A89B8108136DAB1A00ECDA1F /* TextOutputter.cpp */,
				A89B8109136DAB1A00ECDA1F /* TextTestProgressListener.cpp */,
				A89B810A136DAB1A00ECDA1F /* TextTestResult.cpp */,
				A89B810B136DAB1A00ECDA1F /* TextTestRunner.cpp */,
				A89B810C136DAB1A00ECDA1F /* TypeInfoHelper.cpp */,
				A89B810D136DAB1A00ECDA1F /* UnixDynamicLibraryManager.cpp */,
				A89B810E136DAB1A00ECDA1F /* XmlDocument.cpp */,
				A89B810F136DAB1A00ECDA1F /* XmlElement.cpp */,
				A89B8110136DAB1A00ECDA1F /* XmlOutputter.cpp */,
				A89B8111136DAB1A00ECDA1F /* XmlOutputterHook.cpp */,
			);
			name = cppunit;
			sourceTree = "<group>";
		};
		A89B8157136DAB8D00ECDA1F /* com */ = {
			isa = PBXGroup;
			children = (
				A89B8145136DAB8800ECDA1F /* Command.cpp */,
				A89B8146136DAB8800ECDA1F /* Events.cpp */,
				A89B8147136DAB8800ECDA1F /* Frame.cpp */,
				A89B8148136DAB8800ECDA1F /* Log.cpp */,
				A89B8149136DAB8800ECDA1F /* MyString.cpp */,
				A89B814A136DAB8800ECDA1F /* one4All.cpp */,
				A89B814B136DAB8800ECDA1F /* PluginCollection.cpp */,
				A89B814C136DAB8800ECDA1F /* PPIError.cpp */,
				A89B814D136DAB8800ECDA1F /* Settings.cpp */,
			);
			name = com;
			sourceTree = "<group>";
		};
		A89B815D136DAC0800ECDA1F /* processing */ = {
			isa = PBXGroup;
			children = (
				A87C22441383F9D700B5DA63 /* BglGraph.h */,
				A87C22451383F9D700B5DA63 /* Graph.cpp */,
				A87C22461383F9D700B5DA63 /* IVstEventProcessor.h */,
				A89B815E136DAC0800ECDA1F /* ConcreteProcessAdapter.cpp */,
				A89B815F136DAC0800ECDA1F /* ConcreteProcessAdapter.h */,
				A89B8160136DAC0800ECDA1F /* dspTools.cpp */,
				A89B8161136DAC0800ECDA1F /* dspTools.h */,
				A89B8162136DAC0800ECDA1F /* IHostInfo.h */,
				A89B8163136DAC0800ECDA1F /* parameter */,
				A89B8168136DAC0800ECDA1F /* PlugNode.cpp */,
				A89B8169136DAC0800ECDA1F /* PlugNode.h */,
				A89B816A136DAC0800ECDA1F /* plugNodes */,
				A89B816F136DAC0800ECDA1F /* PObject.h */,
				A89B8170136DAC0800ECDA1F /* processing.cpp */,
				A89B8171136DAC0800ECDA1F /* processing.h */,
			);
			name = processing;
			path = ../../src/processing;
			sourceTree = SOURCE_ROOT;
		};
		A89B8163136DAC0800ECDA1F /* parameter */ = {
			isa = PBXGroup;
			children = (
				A89B8164136DAC0800ECDA1F /* ConnectionOperators.cpp */,
				A89B8165136DAC0800ECDA1F /* ConnectionOperators.h */,
				A89B8166136DAC0800ECDA1F /* parameter.cpp */,
				A89B8167136DAC0800ECDA1F /* parameter.h */,
			);
			path = parameter;
			sourceTree = "<group>";
		};
		A89B816A136DAC0800ECDA1F /* plugNodes */ = {
			isa = PBXGroup;
			children = (
				A89B816B136DAC0800ECDA1F /* NullAEffect.cpp */,
				A89B816C136DAC0800ECDA1F /* NullAEffect.h */,
				A89B816D136DAC0800ECDA1F /* VSTPlugNode2x.cpp */,
				A89B816E136DAC0800ECDA1F /* VSTPlugNode2x.h */,
			);
			path = plugNodes;
			sourceTree = "<group>";
		};
		A89B817A136DAC2700ECDA1F /* mac */ = {
			isa = PBXGroup;
			children = (
				A89B817B136DAC2700ECDA1F /* com */,
				A89B8181136DAC2700ECDA1F /* processing */,
			);
			name = mac;
			path = ../../src/OS_Specific/mac;
			sourceTree = SOURCE_ROOT;
		};
		A89B817B136DAC2700ECDA1F /* com */ = {
			isa = PBXGroup;
			children = (
				A89B817C136DAC2700ECDA1F /* mac_one4All.cpp */,
				A89B817D136DAC2700ECDA1F /* mac_one4All.h */,
			);
			path = com;
			sourceTree = "<group>";
		};
		A89B8181136DAC2700ECDA1F /* processing */ = {
			isa = PBXGroup;
			children = (
				A89B8182136DAC2700ECDA1F /* OS_VSTPlugNode2x.cpp */,
				A89B8183136DAC2700ECDA1F /* OS_VSTPlugNode2x.h */,
			);
			path = processing;
			sourceTree = "<group>";
		};
		A89B8196136DAD1A00ECDA1F /* boost_1_42_0 */ = {
			isa = PBXGroup;
			children = (
				A89B8202136DAE6300ECDA1F /* system */,
				A89B81EF136DADFF00ECDA1F /* filesystem */,
				A89B819F136DADD400ECDA1F /* serialization */,
			);
			name = boost_1_42_0;
			path = ../../../../../boost_1_42_0;
			sourceTree = "<group>";
		};
		A89B819F136DADD400ECDA1F /* serialization */ = {
			isa = PBXGroup;
			children = (
				A89B81A0136DADD400ECDA1F /* archive_exception.cpp */,
				A89B81A1136DADD400ECDA1F /* basic_archive.cpp */,
				A89B81A2136DADD400ECDA1F /* basic_iarchive.cpp */,
				A89B81A3136DADD400ECDA1F /* basic_iserializer.cpp */,
				A89B81A4136DADD400ECDA1F /* basic_oarchive.cpp */,
				A89B81A5136DADD400ECDA1F /* basic_oserializer.cpp */,
				A89B81A6136DADD400ECDA1F /* basic_pointer_iserializer.cpp */,
				A89B81A7136DADD400ECDA1F /* basic_pointer_oserializer.cpp */,
				A89B81A8136DADD400ECDA1F /* basic_serializer_map.cpp */,
				A89B81A9136DADD400ECDA1F /* basic_text_iprimitive.cpp */,
				A89B81AA136DADD400ECDA1F /* basic_text_oprimitive.cpp */,
				A89B81AB136DADD400ECDA1F /* basic_text_wiprimitive.cpp */,
				A89B81AC136DADD400ECDA1F /* basic_text_woprimitive.cpp */,
				A89B81AD136DADD400ECDA1F /* basic_xml_archive.cpp */,
				A89B81AE136DADD400ECDA1F /* basic_xml_grammar.ipp */,
				A89B81AF136DADD400ECDA1F /* binary_iarchive.cpp */,
				A89B81B0136DADD400ECDA1F /* binary_oarchive.cpp */,
				A89B81B1136DADD400ECDA1F /* binary_wiarchive.cpp */,
				A89B81B2136DADD400ECDA1F /* binary_woarchive.cpp */,
				A89B81B3136DADD400ECDA1F /* codecvt_null.cpp */,
				A89B81B4136DADD400ECDA1F /* extended_type_info.cpp */,
				A89B81B5136DADD400ECDA1F /* extended_type_info_no_rtti.cpp */,
				A89B81B6136DADD400ECDA1F /* extended_type_info_typeid.cpp */,
				A89B81B7136DADD400ECDA1F /* polymorphic_iarchive.cpp */,
				A89B81B8136DADD400ECDA1F /* polymorphic_oarchive.cpp */,
				A89B81B9136DADD400ECDA1F /* shared_ptr_helper.cpp */,
				A89B81BA136DADD400ECDA1F /* stl_port.cpp */,
				A89B81BB136DADD400ECDA1F /* text_iarchive.cpp */,
				A89B81BC136DADD400ECDA1F /* text_oarchive.cpp */,
				A89B81BD136DADD400ECDA1F /* text_wiarchive.cpp */,
				A89B81BE136DADD400ECDA1F /* text_woarchive.cpp */,
				A89B81BF136DADD400ECDA1F /* utf8_codecvt_facet.cpp */,
				A89B81C0136DADD400ECDA1F /* void_cast.cpp */,
				A89B81C1136DADD400ECDA1F /* xml_archive_exception.cpp */,
				A89B81C2136DADD400ECDA1F /* xml_grammar.cpp */,
				A89B81C3136DADD400ECDA1F /* xml_iarchive.cpp */,
				A89B81C4136DADD400ECDA1F /* xml_oarchive.cpp */,
				A89B81C5136DADD400ECDA1F /* xml_wgrammar.cpp */,
				A89B81C6136DADD400ECDA1F /* xml_wiarchive.cpp */,
				A89B81C7136DADD400ECDA1F /* xml_woarchive.cpp */,
			);
			name = serialization;
			path = libs/serialization/src;
			sourceTree = "<group>";
		};
		A89B81EF136DADFF00ECDA1F /* filesystem */ = {
			isa = PBXGroup;
			children = (
				A89B81F0136DADFF00ECDA1F /* operations.cpp */,
				A89B81F1136DADFF00ECDA1F /* path.cpp */,
				A89B81F2136DADFF00ECDA1F /* portability.cpp */,
				A89B81F3136DADFF00ECDA1F /* utf8_codecvt_facet.cpp */,
				A89B81F4136DADFF00ECDA1F /* utf8_codecvt_facet.hpp */,
			);
			name = filesystem;
			path = libs/filesystem/src;
			sourceTree = "<group>";
		};
		A89B8202136DAE6300ECDA1F /* system */ = {
			isa = PBXGroup;
			children = (
				A89B8203136DAE6300ECDA1F /* error_code.cpp */,
			);
			name = system;
			path = libs/system/src;
			sourceTree = "<group>";
		};
		C6859E8C029090F304C91782 /* Documentation */ = {
			isa = PBXGroup;
			children = (
				C6859E8B029090EE04C91782 /* forxTest.1 */,
			);
			name = Documentation;
			sourceTree = "<group>";
		};
/* End PBXGroup section */

/* Begin PBXNativeTarget section */
		8DD76F620486A84900D96B5E /* forxTest */ = {
			isa = PBXNativeTarget;
			buildConfigurationList = 1DEB923108733DC60010E9CD /* Build configuration list for PBXNativeTarget "forxTest" */;
			buildPhases = (
				8DD76F640486A84900D96B5E /* Sources */,
				8DD76F660486A84900D96B5E /* Frameworks */,
				8DD76F690486A84900D96B5E /* CopyFiles */,
			);
			buildRules = (
			);
			dependencies = (
			);
			name = forxTest;
			productInstallPath = "$(HOME)/bin";
			productName = forxTest;
			productReference = 8DD76F6C0486A84900D96B5E /* forxTest */;
			productType = "com.apple.product-type.tool";
		};
/* End PBXNativeTarget section */

/* Begin PBXProject section */
		08FB7793FE84155DC02AAC07 /* Project object */ = {
			isa = PBXProject;
			buildConfigurationList = 1DEB923508733DC60010E9CD /* Build configuration list for PBXProject "forxTest" */;
			compatibilityVersion = "Xcode 3.1";
			hasScannedForEncodings = 1;
			mainGroup = 08FB7794FE84155DC02AAC07 /* forxTest */;
			projectDirPath = "";
			projectRoot = "";
			targets = (
				8DD76F620486A84900D96B5E /* forxTest */,
			);
		};
/* End PBXProject section */

/* Begin PBXSourcesBuildPhase section */
		8DD76F640486A84900D96B5E /* Sources */ = {
			isa = PBXSourcesBuildPhase;
			buildActionMask = 2147483647;
			files = (
				8DD76F650486A84900D96B5E /* main.cpp in Sources */,
				A89B80DB136DA91200ECDA1F /* GraphTest.cpp in Sources */,
				A89B80DC136DA91200ECDA1F /* MyStringTest.cpp in Sources */,
				A89B80DD136DA91200ECDA1F /* ParameterTest.cpp in Sources */,
				A89B80DE136DA91200ECDA1F /* PluginCollectionTest.cpp in Sources */,
				A89B8112136DAB1A00ECDA1F /* AdditionalMessage.cpp in Sources */,
				A89B8113136DAB1A00ECDA1F /* Asserter.cpp in Sources */,
				A89B8114136DAB1A00ECDA1F /* BeOsDynamicLibraryManager.cpp in Sources */,
				A89B8115136DAB1A00ECDA1F /* BriefTestProgressListener.cpp in Sources */,
				A89B8116136DAB1A00ECDA1F /* CompilerOutputter.cpp in Sources */,
				A89B8117136DAB1A00ECDA1F /* DefaultProtector.cpp in Sources */,
				A89B8118136DAB1A00ECDA1F /* DynamicLibraryManager.cpp in Sources */,
				A89B8119136DAB1A00ECDA1F /* DynamicLibraryManagerException.cpp in Sources */,
				A89B811A136DAB1A00ECDA1F /* Exception.cpp in Sources */,
				A89B811B136DAB1A00ECDA1F /* Message.cpp in Sources */,
				A89B811C136DAB1A00ECDA1F /* PlugInManager.cpp in Sources */,
				A89B811D136DAB1A00ECDA1F /* PlugInParameters.cpp in Sources */,
				A89B811E136DAB1A00ECDA1F /* Protector.cpp in Sources */,
				A89B811F136DAB1A00ECDA1F /* ProtectorChain.cpp in Sources */,
				A89B8120136DAB1A00ECDA1F /* SourceLine.cpp in Sources */,
				A89B8121136DAB1A00ECDA1F /* StringTools.cpp in Sources */,
				A89B8122136DAB1A00ECDA1F /* SynchronizedObject.cpp in Sources */,
				A89B8123136DAB1A00ECDA1F /* Test.cpp in Sources */,
				A89B8124136DAB1A00ECDA1F /* TestAssert.cpp in Sources */,
				A89B8125136DAB1A00ECDA1F /* TestCaseDecorator.cpp in Sources */,
				A89B8126136DAB1A00ECDA1F /* TestComposite.cpp in Sources */,
				A89B8127136DAB1A00ECDA1F /* TestDecorator.cpp in Sources */,
				A89B8128136DAB1A00ECDA1F /* TestFactoryRegistry.cpp in Sources */,
				A89B8129136DAB1A00ECDA1F /* TestFailure.cpp in Sources */,
				A89B812A136DAB1A00ECDA1F /* TestLeaf.cpp in Sources */,
				A89B812B136DAB1A00ECDA1F /* TestNamer.cpp in Sources */,
				A89B812C136DAB1A00ECDA1F /* TestPath.cpp in Sources */,
				A89B812D136DAB1A00ECDA1F /* TestPlugInDefaultImpl.cpp in Sources */,
				A89B812E136DAB1A00ECDA1F /* TestResult.cpp in Sources */,
				A89B812F136DAB1A00ECDA1F /* TestResultCollector.cpp in Sources */,
				A89B8130136DAB1A00ECDA1F /* TestRunner.cpp in Sources */,
				A89B8131136DAB1A00ECDA1F /* TestSetUp.cpp in Sources */,
				A89B8132136DAB1A00ECDA1F /* TestSuccessListener.cpp in Sources */,
				A89B8133136DAB1A00ECDA1F /* TestSuite.cpp in Sources */,
				A89B8134136DAB1A00ECDA1F /* TestSuiteBuilderContext.cpp in Sources */,
				A89B8135136DAB1A00ECDA1F /* TextOutputter.cpp in Sources */,
				A89B8136136DAB1A00ECDA1F /* TextTestProgressListener.cpp in Sources */,
				A89B8137136DAB1A00ECDA1F /* TextTestResult.cpp in Sources */,
				A89B8138136DAB1A00ECDA1F /* TextTestRunner.cpp in Sources */,
				A89B8139136DAB1A00ECDA1F /* TypeInfoHelper.cpp in Sources */,
				A89B813A136DAB1A00ECDA1F /* UnixDynamicLibraryManager.cpp in Sources */,
				A89B813B136DAB1A00ECDA1F /* XmlDocument.cpp in Sources */,
				A89B813C136DAB1A00ECDA1F /* XmlElement.cpp in Sources */,
				A89B813D136DAB1A00ECDA1F /* XmlOutputter.cpp in Sources */,
				A89B813E136DAB1A00ECDA1F /* XmlOutputterHook.cpp in Sources */,
				A89B8142136DAB4100ECDA1F /* audioeffect.cpp in Sources */,
				A89B8143136DAB4100ECDA1F /* audioeffectx.cpp in Sources */,
				A89B8144136DAB4100ECDA1F /* vstplugmain.cpp in Sources */,
				A89B814E136DAB8800ECDA1F /* Command.cpp in Sources */,
				A89B814F136DAB8800ECDA1F /* Events.cpp in Sources */,
				A89B8150136DAB8800ECDA1F /* Frame.cpp in Sources */,
				A89B8151136DAB8800ECDA1F /* Log.cpp in Sources */,
				A89B8152136DAB8800ECDA1F /* MyString.cpp in Sources */,
				A89B8153136DAB8800ECDA1F /* one4All.cpp in Sources */,
				A89B8154136DAB8800ECDA1F /* PluginCollection.cpp in Sources */,
				A89B8155136DAB8800ECDA1F /* PPIError.cpp in Sources */,
				A89B8156136DAB8800ECDA1F /* Settings.cpp in Sources */,
				A89B8172136DAC0800ECDA1F /* ConcreteProcessAdapter.cpp in Sources */,
				A89B8173136DAC0800ECDA1F /* dspTools.cpp in Sources */,
				A89B8174136DAC0800ECDA1F /* ConnectionOperators.cpp in Sources */,
				A89B8175136DAC0800ECDA1F /* parameter.cpp in Sources */,
				A89B8176136DAC0800ECDA1F /* PlugNode.cpp in Sources */,
				A89B8177136DAC0800ECDA1F /* NullAEffect.cpp in Sources */,
				A89B8178136DAC0800ECDA1F /* VSTPlugNode2x.cpp in Sources */,
				A89B8179136DAC0800ECDA1F /* processing.cpp in Sources */,
				A89B8184136DAC2700ECDA1F /* mac_one4All.cpp in Sources */,
				A89B8186136DAC2700ECDA1F /* OS_VSTPlugNode2x.cpp in Sources */,
				A89B81C8136DADD400ECDA1F /* archive_exception.cpp in Sources */,
				A89B81C9136DADD400ECDA1F /* basic_archive.cpp in Sources */,
				A89B81CA136DADD400ECDA1F /* basic_iarchive.cpp in Sources */,
				A89B81CB136DADD400ECDA1F /* basic_iserializer.cpp in Sources */,
				A89B81CC136DADD400ECDA1F /* basic_oarchive.cpp in Sources */,
				A89B81CD136DADD400ECDA1F /* basic_oserializer.cpp in Sources */,
				A89B81CE136DADD400ECDA1F /* basic_pointer_iserializer.cpp in Sources */,
				A89B81CF136DADD400ECDA1F /* basic_pointer_oserializer.cpp in Sources */,
				A89B81D0136DADD400ECDA1F /* basic_serializer_map.cpp in Sources */,
				A89B81D1136DADD400ECDA1F /* basic_text_iprimitive.cpp in Sources */,
				A89B81D2136DADD400ECDA1F /* basic_text_oprimitive.cpp in Sources */,
				A89B81D3136DADD500ECDA1F /* basic_text_wiprimitive.cpp in Sources */,
				A89B81D4136DADD500ECDA1F /* basic_text_woprimitive.cpp in Sources */,
				A89B81D5136DADD500ECDA1F /* basic_xml_archive.cpp in Sources */,
				A89B81D6136DADD500ECDA1F /* binary_iarchive.cpp in Sources */,
				A89B81D7136DADD500ECDA1F /* binary_oarchive.cpp in Sources */,
				A89B81D8136DADD500ECDA1F /* binary_wiarchive.cpp in Sources */,
				A89B81D9136DADD500ECDA1F /* binary_woarchive.cpp in Sources */,
				A89B81DA136DADD500ECDA1F /* codecvt_null.cpp in Sources */,
				A89B81DB136DADD500ECDA1F /* extended_type_info.cpp in Sources */,
				A89B81DC136DADD500ECDA1F /* extended_type_info_no_rtti.cpp in Sources */,
				A89B81DD136DADD500ECDA1F /* extended_type_info_typeid.cpp in Sources */,
				A89B81DE136DADD500ECDA1F /* polymorphic_iarchive.cpp in Sources */,
				A89B81DF136DADD500ECDA1F /* polymorphic_oarchive.cpp in Sources */,
				A89B81E0136DADD500ECDA1F /* shared_ptr_helper.cpp in Sources */,
				A89B81E1136DADD500ECDA1F /* stl_port.cpp in Sources */,
				A89B81E2136DADD500ECDA1F /* text_iarchive.cpp in Sources */,
				A89B81E3136DADD500ECDA1F /* text_oarchive.cpp in Sources */,
				A89B81E4136DADD500ECDA1F /* text_wiarchive.cpp in Sources */,
				A89B81E5136DADD500ECDA1F /* text_woarchive.cpp in Sources */,
				A89B81E6136DADD500ECDA1F /* utf8_codecvt_facet.cpp in Sources */,
				A89B81E7136DADD500ECDA1F /* void_cast.cpp in Sources */,
				A89B81E8136DADD500ECDA1F /* xml_archive_exception.cpp in Sources */,
				A89B81E9136DADD500ECDA1F /* xml_grammar.cpp in Sources */,
				A89B81EA136DADD500ECDA1F /* xml_iarchive.cpp in Sources */,
				A89B81EB136DADD500ECDA1F /* xml_oarchive.cpp in Sources */,
				A89B81EC136DADD500ECDA1F /* xml_wgrammar.cpp in Sources */,
				A89B81ED136DADD500ECDA1F /* xml_wiarchive.cpp in Sources */,
				A89B81EE136DADD500ECDA1F /* xml_woarchive.cpp in Sources */,
				A89B81F5136DADFF00ECDA1F /* operations.cpp in Sources */,
				A89B81F6136DADFF00ECDA1F /* path.cpp in Sources */,
				A89B81F7136DADFF00ECDA1F /* portability.cpp in Sources */,
				A89B81F8136DADFF00ECDA1F /* utf8_codecvt_facet.cpp in Sources */,
				A89B8204136DAE6300ECDA1F /* error_code.cpp in Sources */,
				A89B824E136DB6DE00ECDA1F /* TestCase.cpp in Sources */,
				A89B8251136DB78500ECDA1F /* cfileselector.cpp in Sources */,
				A87C22211383D8E100B5DA63 /* DummyFX.cpp in Sources */,
				A87C22221383D8E100B5DA63 /* FrameTest.cpp in Sources */,
				A87C22471383F9D700B5DA63 /* Graph.cpp in Sources */,
				A8866FFC139CC43900B5CBDD /* DataBase.cpp in Sources */,
				A8866FFD139CC43900B5CBDD /* sambag_sqlite.c in Sources */,
				A8867020139CCB4300B5CBDD /* FileSystem.cpp in Sources */,
			);
			runOnlyForDeploymentPostprocessing = 0;
		};
/* End PBXSourcesBuildPhase section */

/* Begin XCBuildConfiguration section */
		1DEB923208733DC60010E9CD /* Debug */ = {
			isa = XCBuildConfiguration;
			buildSettings = {
				ALWAYS_SEARCH_USER_PATHS = NO;
				COPY_PHASE_STRIP = NO;
				GCC_DYNAMIC_NO_PIC = NO;
				GCC_ENABLE_FIX_AND_CONTINUE = YES;
				GCC_MODEL_TUNING = G5;
				GCC_OPTIMIZATION_LEVEL = 0;
				GCC_PREPROCESSOR_DEFINITIONS = (
					_FORX_TESTSUITE,
					"_GLIBCXX_DEBUG=1",
					"_GLIBCXX_DEBUG_PEDANTIC=1",
				);
				GCC_VERSION = 4.0;
				HEADER_SEARCH_PATHS = (
					"$(SRCROOT)/../../../../../cppunit-1.12.1/include",
					"$(SRCROOT)/../../src",
					"$(SRCROOT)/../../../../vstsdk2.4/**",
					"$(SRCROOT)/../../../../../boost_1_42_0",
					"$(SRCROOT)/../../../../../sambag/src",
					"$(SRCROOT)/../../../../../sqlite",
				);
				INSTALL_PATH = /usr/local/bin;
				ONLY_ACTIVE_ARCH = YES;
				PRODUCT_NAME = forxTest;
			};
			name = Debug;
		};
		1DEB923308733DC60010E9CD /* Release */ = {
			isa = XCBuildConfiguration;
			buildSettings = {
				ALWAYS_SEARCH_USER_PATHS = NO;
				DEBUG_INFORMATION_FORMAT = "dwarf-with-dsym";
				GCC_MODEL_TUNING = G5;
				GCC_PREPROCESSOR_DEFINITIONS = _FORX_TESTSUITE;
				GCC_VERSION = 4.0;
				HEADER_SEARCH_PATHS = (
					"$(SRCROOT)/../../../../../cppunit-1.12.1/include",
					"$(SRCROOT)/../../src",
					"$(SRCROOT)/../../../../vstsdk2.4/**",
					"$(SRCROOT)/../../../../../boost_1_42_0",
					"$(SRCROOT)/../../../../../sambag/src",
					"$(SRCROOT)/../../../../../sqlite",
				);
				INSTALL_PATH = /usr/local/bin;
				ONLY_ACTIVE_ARCH = YES;
				PRODUCT_NAME = forxTest;
			};
			name = Release;
		};
		1DEB923608733DC60010E9CD /* Debug */ = {
			isa = XCBuildConfiguration;
			buildSettings = {
				ARCHS = "$(ARCHS_STANDARD_32_BIT)";
				GCC_C_LANGUAGE_STANDARD = c99;
				GCC_OPTIMIZATION_LEVEL = 0;
				GCC_WARN_ABOUT_RETURN_TYPE = YES;
				GCC_WARN_UNUSED_VARIABLE = YES;
				ONLY_ACTIVE_ARCH = YES;
				PREBINDING = NO;
				SDKROOT = macosx10.5;
			};
			name = Debug;
		};
		1DEB923708733DC60010E9CD /* Release */ = {
			isa = XCBuildConfiguration;
			buildSettings = {
				ARCHS = "$(ARCHS_STANDARD_32_BIT)";
				GCC_C_LANGUAGE_STANDARD = c99;
				GCC_WARN_ABOUT_RETURN_TYPE = YES;
				GCC_WARN_UNUSED_VARIABLE = YES;
				PREBINDING = NO;
				SDKROOT = macosx10.5;
			};
			name = Release;
		};
/* End XCBuildConfiguration section */

/* Begin XCConfigurationList section */
		1DEB923108733DC60010E9CD /* Build configuration list for PBXNativeTarget "forxTest" */ = {
			isa = XCConfigurationList;
			buildConfigurations = (
				1DEB923208733DC60010E9CD /* Debug */,
				1DEB923308733DC60010E9CD /* Release */,
			);
			defaultConfigurationIsVisible = 0;
			defaultConfigurationName = Release;
		};
		1DEB923508733DC60010E9CD /* Build configuration list for PBXProject "forxTest" */ = {
			isa = XCConfigurationList;
			buildConfigurations = (
				1DEB923608733DC60010E9CD /* Debug */,
				1DEB923708733DC60010E9CD /* Release */,
			);
			defaultConfigurationIsVisible = 0;
			defaultConfigurationName = Release;
		};
/* End XCConfigurationList section */
	};
	rootObject = 08FB7793FE84155DC02AAC07 /* Project object */;
}
